{
  "name": "yawsps",
  "version": "1.0.0",
  "lockfileVersion": 1,
  "requires": true,
  "dependencies": {
    "@types/luxon": {
      "version": "1.15.2",
      "resolved": "https://registry.npmjs.org/@types/luxon/-/luxon-1.15.2.tgz",
      "integrity": "sha512-zHPoyVrLvNaiMRYdhmh88Rn489ZgAgbc6iLxR5Yi0VCNfeNYHcszbhJV2vDHLNrVGy35BPtWBRn4OP2F9BBvFw=="
    },
    "@types/mathjs": {
      "version": "6.0.2",
      "resolved": "https://registry.npmjs.org/@types/mathjs/-/mathjs-6.0.2.tgz",
      "integrity": "sha512-VXRnT6ozA8k5i3xyv8WpwarNCsIwV6Z5Cuz5bPuj9pqr5jOo3rZk/tRWdHBCmC0KMchH8OBYPC72p4ftyMXK1Q==",
      "requires": {
        "decimal.js": "^10.0.0"
      }
    },
    "@types/xmlbuilder": {
      "version": "0.0.34",
      "resolved": "https://registry.npmjs.org/@types/xmlbuilder/-/xmlbuilder-0.0.34.tgz",
      "integrity": "sha512-yVsHfYqJblSEg3DvUhGndpCZBZz2GiGVmqMa04fbGro2xzxRj85Q7MQ4os+MaXmKcpCDD42MXuxUWfoUKTuVdQ=="
    },
    "async-limiter": {
      "version": "1.0.0",
      "resolved": "https://registry.npmjs.org/async-limiter/-/async-limiter-1.0.0.tgz",
      "integrity": "sha512-jp/uFnooOiO+L211eZOoSyzpOITMXx1rBITauYykG3BRYPu8h0UcxsPNB04RR5vo4Tyz3+ay17tR6JVf9qzYWg=="
    },
    "complex.js": {
      "version": "2.0.11",
      "resolved": "https://registry.npmjs.org/complex.js/-/complex.js-2.0.11.tgz",
      "integrity": "sha512-6IArJLApNtdg1P1dFtn3dnyzoZBEF0MwMnrfF1exSBRpZYoy4yieMkpZhQDC0uwctw48vii0CFVyHfpgZ/DfGw=="
    },
    "cookie": {
      "version": "0.3.1",
      "resolved": "https://registry.npmjs.org/cookie/-/cookie-0.3.1.tgz",
      "integrity": "sha1-5+Ch+e9DtMi6klxcWpboBtFoc7s="
    },
    "cookie-api-handler": {
      "version": "2.1.0",
      "resolved": "https://registry.npmjs.org/cookie-api-handler/-/cookie-api-handler-2.1.0.tgz",
      "integrity": "sha512-g+smVge0+ceGdYmM8Ws3z8XsjMqVhvshfN3CMnvdmc7OUyPIdU14PJLvnarTvCt5J8S38kWUQahdX2wm0U+n3A==",
      "requires": {
        "cookie": "^0.3.1",
        "cross-fetch": "^2.2.3",
        "rest-api-handler": "^2.1.0"
      },
      "dependencies": {
        "cross-fetch": {
          "version": "2.2.3",
          "resolved": "https://registry.npmjs.org/cross-fetch/-/cross-fetch-2.2.3.tgz",
          "integrity": "sha512-PrWWNH3yL2NYIb/7WF/5vFG3DCQiXDOVf8k3ijatbrtnwNuhMWLC7YF7uqf53tbTFDzHIUD8oITw4Bxt8ST3Nw==",
          "requires": {
            "node-fetch": "2.1.2",
            "whatwg-fetch": "2.0.4"
          }
        },
        "node-fetch": {
          "version": "2.1.2",
          "resolved": "https://registry.npmjs.org/node-fetch/-/node-fetch-2.1.2.tgz",
          "integrity": "sha1-q4hOjn5X44qUR1POxwb3iNF2i7U="
        },
        "whatwg-fetch": {
          "version": "2.0.4",
          "resolved": "https://registry.npmjs.org/whatwg-fetch/-/whatwg-fetch-2.0.4.tgz",
          "integrity": "sha512-dcQ1GWpOD/eEQ97k66aiEVpNnapVj90/+R+SXTPYGHpYBBypfKJEQjLrvMZ7YXbKm21gXd4NcuxUTjiv1YtLng=="
        }
      }
    },
    "cross-fetch": {
      "version": "3.0.4",
      "resolved": "https://registry.npmjs.org/cross-fetch/-/cross-fetch-3.0.4.tgz",
      "integrity": "sha512-MSHgpjQqgbT/94D4CyADeNoYh52zMkCX4pcJvPP5WqPsLFMKjr2TCMg381ox5qI0ii2dPwaLx/00477knXqXVw==",
      "requires": {
        "node-fetch": "2.6.0",
        "whatwg-fetch": "3.0.0"
      }
    },
    "decimal.js": {
      "version": "10.2.0",
      "resolved": "https://registry.npmjs.org/decimal.js/-/decimal.js-10.2.0.tgz",
      "integrity": "sha512-vDPw+rDgn3bZe1+F/pyEwb1oMG2XTlRVgAa6B4KccTEpYgF8w6eQllVbQcfIJnZyvzFtFpxnpGtx8dd7DJp/Rw=="
    },
    "decode-uri-component": {
      "version": "0.2.0",
      "resolved": "https://registry.npmjs.org/decode-uri-component/-/decode-uri-component-0.2.0.tgz",
      "integrity": "sha1-6zkTMzRYd1y4TNGh+uBiEGu4dUU="
    },
    "endomondo-api-handler": {
      "version": "3.1.1",
      "resolved": "https://registry.npmjs.org/endomondo-api-handler/-/endomondo-api-handler-3.1.1.tgz",
      "integrity": "sha512-PDWSihVhROvdIHk/KCbnDfBtn++lzcoPPiKYkfM/gD/gPccu2fcIJc1aYENngGEwOJDznyFL8DBZ5Dz0w29lZQ==",
      "requires": {
        "@types/luxon": "^1.15.2",
        "@types/mathjs": "^6.0.2",
        "cookie-api-handler": "^2.1.0",
        "fitness-models": "^0.4.0",
        "gpx-builder": "^2.0.1",
        "luxon": "^1.17.2",
        "mathjs": "^6.1.0",
        "query-string": "^6.8.2",
        "rest-api-handler": "^2.1.0"
      }
    },
    "escape-latex": {
      "version": "1.2.0",
      "resolved": "https://registry.npmjs.org/escape-latex/-/escape-latex-1.2.0.tgz",
      "integrity": "sha512-nV5aVWW1K0wEiUIEdZ4erkGGH8mDxGyxSeqPzRNtWP7ataw+/olFObw7hujFWlVjNsaDFw5VZ5NzVSIqRgfTiw=="
    },
    "fitness-models": {
      "version": "0.4.1",
      "resolved": "https://registry.npmjs.org/fitness-models/-/fitness-models-0.4.1.tgz",
      "integrity": "sha512-A+vGUQte2UOoprguapPyC+begYD18kGsf45Idej8hQaCEVjGfox8ULqlUMqhXPs4aT2w4/qhy2lDsTVWtB5xvQ==",
      "requires": {
        "@types/luxon": "^1.15.2",
        "@types/mathjs": "^6.0.2",
        "gpx-builder": "^2.0.1",
        "luxon": "^1.19.3",
        "mathjs": "^6.2.3"
      }
    },
    "fraction.js": {
      "version": "4.0.12",
      "resolved": "https://registry.npmjs.org/fraction.js/-/fraction.js-4.0.12.tgz",
      "integrity": "sha512-8Z1K0VTG4hzYY7kA/1sj4/r1/RWLBD3xwReT/RCrUCbzPszjNQCCsy3ktkU/eaEqX3MYa4pY37a52eiBlPMlhA=="
    },
    "gpx-builder": {
      "version": "2.0.1",
      "resolved": "https://registry.npmjs.org/gpx-builder/-/gpx-builder-2.0.1.tgz",
      "integrity": "sha512-cVl3kNfNqhAfWp1lfQvQN/3cxC5uNYvaZbfAUmzSLR5kncKuhPaTQJUi4pC95J6ozptZq4snusPoQNzSLqfJdA==",
      "requires": {
        "@types/xmlbuilder": "0.0.34",
        "xmlbuilder": "^10.1.1"
      }
    },
    "inherits": {
      "version": "2.0.3",
      "resolved": "https://registry.npmjs.org/inherits/-/inherits-2.0.3.tgz",
      "integrity": "sha1-Yzwsg+PaQqUC9SRmAiSA9CCCYd4="
    },
    "javascript-natural-sort": {
      "version": "0.7.1",
      "resolved": "https://registry.npmjs.org/javascript-natural-sort/-/javascript-natural-sort-0.7.1.tgz",
      "integrity": "sha1-+eIwPUUH9tdDVac2ZNFED7Wg71k="
    },
    "luxon": {
      "version": "1.19.3",
      "resolved": "https://registry.npmjs.org/luxon/-/luxon-1.19.3.tgz",
      "integrity": "sha512-YwTDjGRQC0QC9Iya2g2eKZfgEFqRId4ZoLHORQcfTMB/5xrTx427V7ZPjQJ1vzvhA2vJfG2bh1Kv8V8IFMWCUA=="
    },
    "mathjs": {
      "version": "6.2.3",
      "resolved": "https://registry.npmjs.org/mathjs/-/mathjs-6.2.3.tgz",
      "integrity": "sha512-IEYTyz8tu7nslF4j2TtDs7C+9Emi2/iJTYXjc5WLoIKTJOLLtjp3Aglys0ZbV9KSiaJhpfGPLXm8Z5d7vEGN3w==",
      "requires": {
        "complex.js": "2.0.11",
        "decimal.js": "10.2.0",
        "escape-latex": "1.2.0",
        "fraction.js": "4.0.12",
        "javascript-natural-sort": "0.7.1",
        "seed-random": "2.2.0",
        "tiny-emitter": "2.1.0",
        "typed-function": "1.1.1"
      }
    },
    "node-fetch": {
      "version": "2.6.0",
      "resolved": "https://registry.npmjs.org/node-fetch/-/node-fetch-2.6.0.tgz",
      "integrity": "sha512-8dG4H5ujfvFiqDmVu9fQ5bOHUC15JMjMY/Zumv26oOvvVJjM67KF8koCWIabKQ1GJIa9r2mMZscBq/TbdOcmNA=="
    },
    "query-string": {
      "version": "6.8.3",
      "resolved": "https://registry.npmjs.org/query-string/-/query-string-6.8.3.tgz",
      "integrity": "sha512-llcxWccnyaWlODe7A9hRjkvdCKamEKTh+wH8ITdTc3OhchaqUZteiSCX/2ablWHVrkVIe04dntnaZJ7BdyW0lQ==",
      "requires": {
        "decode-uri-component": "^0.2.0",
        "split-on-first": "^1.0.0",
        "strict-uri-encode": "^2.0.0"
      }
    },
    "rest-api-handler": {
      "version": "2.2.0",
      "resolved": "https://registry.npmjs.org/rest-api-handler/-/rest-api-handler-2.2.0.tgz",
      "integrity": "sha512-WXnKcC3tiild62hHvCZI0s0CzGD3NIqdmx2hNdCJNsPFOgs8NFBdq8Qytv6QFaGiO8GyCLObif/5goXuFX/B3g=="
    },
    "seed-random": {
      "version": "2.2.0",
      "resolved": "https://registry.npmjs.org/seed-random/-/seed-random-2.2.0.tgz",
      "integrity": "sha1-KpsZ4lCoFwmSMaW5mk2vgLf77VQ="
    },
    "split-on-first": {
      "version": "1.1.0",
      "resolved": "https://registry.npmjs.org/split-on-first/-/split-on-first-1.1.0.tgz",
      "integrity": "sha512-43ZssAJaMusuKWL8sKUBQXHWOpq8d6CfN/u1p4gUzfJkM05C8rxTmYrkIPTXapZpORA6LkkzcUulJ8FqA7Uudw=="
    },
    "strict-uri-encode": {
      "version": "2.0.0",
      "resolved": "https://registry.npmjs.org/strict-uri-encode/-/strict-uri-encode-2.0.0.tgz",
      "integrity": "sha1-ucczDHBChi9rFC3CdLvMWGbONUY="
    },
    "tiny-emitter": {
      "version": "2.1.0",
      "resolved": "https://registry.npmjs.org/tiny-emitter/-/tiny-emitter-2.1.0.tgz",
      "integrity": "sha512-NB6Dk1A9xgQPMoGqC5CVXn123gWyte215ONT5Pp5a0yt4nlEoO1ZWeCwpncaekPHXO60i47ihFnZPiRPjRMq4Q=="
    },
    "typed-function": {
      "version": "1.1.1",
      "resolved": "https://registry.npmjs.org/typed-function/-/typed-function-1.1.1.tgz",
      "integrity": "sha512-RbN7MaTQBZLJYzDENHPA0nUmWT0Ex80KHItprrgbTPufYhIlTePvCXZxyQK7wgn19FW5bnuaBIKcBb5mRWjB1Q=="
    },
    "util": {
      "version": "0.11.1",
      "resolved": "https://registry.npmjs.org/util/-/util-0.11.1.tgz",
      "integrity": "sha512-HShAsny+zS2TZfaXxD9tYj4HQGlBezXZMZuM/S5PKLLoZkShZiGk9o5CzukI1LVHZvjdvZ2Sj1aW/Ndn2NB/HQ==",
      "requires": {
        "inherits": "2.0.3"
      }
    },
    "uuid": {
      "version": "3.3.2",
      "resolved": "https://registry.npmjs.org/uuid/-/uuid-3.3.2.tgz",
      "integrity": "sha512-yXJmeNaw3DnnKAOKJE51sL/ZaYfWJRl1pK9dr19YFCu0ObS231AB1/LbqTKRAQ5kw8A90rA6fr4riOUpTZvQZA=="
    },
    "uuidv4": {
      "version": "4.0.0",
      "resolved": "https://registry.npmjs.org/uuidv4/-/uuidv4-4.0.0.tgz",
      "integrity": "sha512-mG90kcW04v6frNmnLsnd7xqiKubIYgaQHxaHoBplAJpR95hgqkTDq8wpZQU5cN5w9gtKphqdsflHoEnXr2+ing==",
      "requires": {
        "uuid": "3.3.2"
      }
    },
    "whatwg-fetch": {
      "version": "3.0.0",
      "resolved": "https://registry.npmjs.org/whatwg-fetch/-/whatwg-fetch-3.0.0.tgz",
      "integrity": "sha512-9GSJUgz1D4MfyKU7KRqwOjXCXTqWdFNvEr7eUBYchQiVc744mqK/MzXPNR2WsPkmkOa4ywfg8C2n8h+13Bey1Q=="
    },
    "ws": {
      "version": "6.2.1",
      "resolved": "https://registry.npmjs.org/ws/-/ws-6.2.1.tgz",
      "integrity": "sha512-GIyAXC2cB7LjvpgMt9EKS2ldqr0MTrORaleiOno6TweZ6r3TKtoFQWay/2PceJ3RuBasOHzXNn5Lrw1X0bEjqA==",
      "requires": {
        "async-limiter": "~1.0.0"
      }
    },
    "xmlbuilder": {
      "version": "10.1.1",
      "resolved": "https://registry.npmjs.org/xmlbuilder/-/xmlbuilder-10.1.1.tgz",
      "integrity": "sha512-OyzrcFLL/nb6fMGHbiRDuPup9ljBycsdCypwuyg5AAHvyWzGfChJpCXMG88AGTIMFhGZ9RccFN1e6lhg3hkwKg=="
    }
  }
}
