// !$*UTF8*$!
{
	archiveVersion = 1;
	classes = {
	};
	objectVersion = 46;
	objects = {

/* Begin PBXBuildFile section */
		25478330220A327500991177 /* OSAtomicInt.swift in Sources */ = {isa = PBXBuildFile; fileRef = 2547832F220A327500991177 /* OSAtomicInt.swift */; };
		25478332220A333F00991177 /* ExtensionVars.swift in Sources */ = {isa = PBXBuildFile; fileRef = 25478331220A333F00991177 /* ExtensionVars.swift */; };
		25A067CD2200EBA300626184 /* Sample_client.swift in Sources */ = {isa = PBXBuildFile; fileRef = 25A067CC2200EBA300626184 /* Sample_client.swift */; };
		25A067CF2200F1C200626184 /* CMSampleBufferExtension.swift in Sources */ = {isa = PBXBuildFile; fileRef = 25A067CE2200F1C200626184 /* CMSampleBufferExtension.swift */; };
		25A067D822021CED00626184 /* LaunchScreen.storyboard in Resources */ = {isa = PBXBuildFile; fileRef = 25A067D622021CED00626184 /* LaunchScreen.storyboard */; };
		25A067DB2202366500626184 /* Permissions.storyboard in Resources */ = {isa = PBXBuildFile; fileRef = 25A067D92202366500626184 /* Permissions.storyboard */; };
		25DDF61622001793003AF5E3 /* Cloudlet.swift in Sources */ = {isa = PBXBuildFile; fileRef = 25DDF60022001793003AF5E3 /* Cloudlet.swift */; };
		25DDF61722001793003AF5E3 /* CloudletDetailsViewController.swift in Sources */ = {isa = PBXBuildFile; fileRef = 25DDF60122001793003AF5E3 /* CloudletDetailsViewController.swift */; };
		25DDF61822001793003AF5E3 /* CloudletListHolder.swift in Sources */ = {isa = PBXBuildFile; fileRef = 25DDF60222001793003AF5E3 /* CloudletListHolder.swift */; };
		25DDF61922001793003AF5E3 /* FaceDetectionViewController.swift in Sources */ = {isa = PBXBuildFile; fileRef = 25DDF60322001793003AF5E3 /* FaceDetectionViewController.swift */; };
		25DDF61A22001793003AF5E3 /* EnhancedNetworkLocationServicesViewController.swift in Sources */ = {isa = PBXBuildFile; fileRef = 25DDF60522001793003AF5E3 /* EnhancedNetworkLocationServicesViewController.swift */; };
		25DDF61B22001793003AF5E3 /* FaceDectectionSettingsViewController.swift in Sources */ = {isa = PBXBuildFile; fileRef = 25DDF60622001793003AF5E3 /* FaceDectectionSettingsViewController.swift */; };
		25DDF61C22001793003AF5E3 /* GeneralSettingsViewController.swift in Sources */ = {isa = PBXBuildFile; fileRef = 25DDF60722001793003AF5E3 /* GeneralSettingsViewController.swift */; };
		25DDF61D22001793003AF5E3 /* About.png in Resources */ = {isa = PBXBuildFile; fileRef = 25DDF60922001793003AF5E3 /* About.png */; };
		25DDF61E22001793003AF5E3 /* Cog_font_awesome copy.png in Resources */ = {isa = PBXBuildFile; fileRef = 25DDF60A22001793003AF5E3 /* Cog_font_awesome copy.png */; };
		25DDF61F22001793003AF5E3 /* Cog_font_awesome.png in Resources */ = {isa = PBXBuildFile; fileRef = 25DDF60B22001793003AF5E3 /* Cog_font_awesome.png */; };
		25DDF62022001793003AF5E3 /* g-logo copy.png in Resources */ = {isa = PBXBuildFile; fileRef = 25DDF60C22001793003AF5E3 /* g-logo copy.png */; };
		25DDF62122001793003AF5E3 /* g-logo.png in Resources */ = {isa = PBXBuildFile; fileRef = 25DDF60D22001793003AF5E3 /* g-logo.png */; };
		25DDF62222001793003AF5E3 /* ios11-control-center-camera-icon.png in Resources */ = {isa = PBXBuildFile; fileRef = 25DDF60E22001793003AF5E3 /* ios11-control-center-camera-icon.png */; };
		25DDF62322001793003AF5E3 /* menu-512.png in Resources */ = {isa = PBXBuildFile; fileRef = 25DDF60F22001793003AF5E3 /* menu-512.png */; };
		25DDF62422001793003AF5E3 /* SettingsViewController.swift in Sources */ = {isa = PBXBuildFile; fileRef = 25DDF61022001793003AF5E3 /* SettingsViewController.swift */; };
		25DDF62522001793003AF5E3 /* SideMenuViewController.swift in Sources */ = {isa = PBXBuildFile; fileRef = 25DDF61122001793003AF5E3 /* SideMenuViewController.swift */; };
		25DDF62622001793003AF5E3 /* SpeedTestSettingsViewController.swift in Sources */ = {isa = PBXBuildFile; fileRef = 25DDF61222001793003AF5E3 /* SpeedTestSettingsViewController.swift */; };
		25DDF62722001793003AF5E3 /* Mex.utitities.swift in Sources */ = {isa = PBXBuildFile; fileRef = 25DDF61322001793003AF5E3 /* Mex.utitities.swift */; };
		25DDF62822001793003AF5E3 /* PermissionViewController.swift in Sources */ = {isa = PBXBuildFile; fileRef = 25DDF61522001793003AF5E3 /* PermissionViewController.swift */; };
		25DDF6472200238F003AF5E3 /* Acknowledgements.plist in Resources */ = {isa = PBXBuildFile; fileRef = 25DDF62A2200238E003AF5E3 /* Acknowledgements.plist */; };
		25DDF6482200238F003AF5E3 /* mex-ca.crt in Resources */ = {isa = PBXBuildFile; fileRef = 25DDF62C2200238E003AF5E3 /* mex-ca.crt */; };
		25DDF6492200238F003AF5E3 /* mex-ca.der in Resources */ = {isa = PBXBuildFile; fileRef = 25DDF62D2200238E003AF5E3 /* mex-ca.der */; };
		25DDF64A2200238F003AF5E3 /* mex-client copy.key in Resources */ = {isa = PBXBuildFile; fileRef = 25DDF62E2200238E003AF5E3 /* mex-client copy.key */; };
		25DDF64B2200238F003AF5E3 /* mex-client.crt in Resources */ = {isa = PBXBuildFile; fileRef = 25DDF62F2200238E003AF5E3 /* mex-client.crt */; };
		25DDF64C2200238F003AF5E3 /* mex-client.der in Resources */ = {isa = PBXBuildFile; fileRef = 25DDF6302200238E003AF5E3 /* mex-client.der */; };
		25DDF64D2200238F003AF5E3 /* mex-client.key in Resources */ = {isa = PBXBuildFile; fileRef = 25DDF6312200238E003AF5E3 /* mex-client.key */; };
		25DDF64E2200238F003AF5E3 /* mex-clientkey.der in Resources */ = {isa = PBXBuildFile; fileRef = 25DDF6322200238E003AF5E3 /* mex-clientkey.der */; };
		25DDF6522200238F003AF5E3 /* dot-menu@2x.png in Resources */ = {isa = PBXBuildFile; fileRef = 25DDF6382200238E003AF5E3 /* dot-menu@2x.png */; };
		25DDF6532200238F003AF5E3 /* dot-menu@3x.png in Resources */ = {isa = PBXBuildFile; fileRef = 25DDF6392200238E003AF5E3 /* dot-menu@3x.png */; };
		25DDF6542200238F003AF5E3 /* ic_action_find_cloudlets.png in Resources */ = {isa = PBXBuildFile; fileRef = 25DDF63A2200238E003AF5E3 /* ic_action_find_cloudlets.png */; };
		25DDF6552200238F003AF5E3 /* ic_launcher-web.102.png in Resources */ = {isa = PBXBuildFile; fileRef = 25DDF63B2200238E003AF5E3 /* ic_launcher-web.102.png */; };
		25DDF6562200238F003AF5E3 /* ic_launcher-web.1024.png in Resources */ = {isa = PBXBuildFile; fileRef = 25DDF63C2200238E003AF5E3 /* ic_launcher-web.1024.png */; };
		25DDF6572200238F003AF5E3 /* ic_launcher-web.180.png in Resources */ = {isa = PBXBuildFile; fileRef = 25DDF63D2200238E003AF5E3 /* ic_launcher-web.180.png */; };
		25DDF6582200238F003AF5E3 /* ic_launcher-web.76.png in Resources */ = {isa = PBXBuildFile; fileRef = 25DDF63E2200238E003AF5E3 /* ic_launcher-web.76.png */; };
		25DDF6592200238F003AF5E3 /* ic_launcher-web.83.png in Resources */ = {isa = PBXBuildFile; fileRef = 25DDF63F2200238E003AF5E3 /* ic_launcher-web.83.png */; };
		25DDF65A2200238F003AF5E3 /* ic_launcher-web.png in Resources */ = {isa = PBXBuildFile; fileRef = 25DDF6402200238E003AF5E3 /* ic_launcher-web.png */; };
		25DDF65B2200238F003AF5E3 /* ic_marker_cloudlet-web.png in Resources */ = {isa = PBXBuildFile; fileRef = 25DDF6412200238E003AF5E3 /* ic_marker_cloudlet-web.png */; };
		25DDF65C2200238F003AF5E3 /* ic_marker_mobile-web.png in Resources */ = {isa = PBXBuildFile; fileRef = 25DDF6422200238E003AF5E3 /* ic_marker_mobile-web.png */; };
		25DDF65D2200238F003AF5E3 /* ic_menu_camera.png in Resources */ = {isa = PBXBuildFile; fileRef = 25DDF6432200238E003AF5E3 /* ic_menu_camera.png */; };
		25DDF65E2200238F003AF5E3 /* ic_menu_compass.png in Resources */ = {isa = PBXBuildFile; fileRef = 25DDF6442200238E003AF5E3 /* ic_menu_compass.png */; };
		25DDF65F2200238F003AF5E3 /* ic_menu_preferences.png in Resources */ = {isa = PBXBuildFile; fileRef = 25DDF6452200238F003AF5E3 /* ic_menu_preferences.png */; };
		25DDF6602200238F003AF5E3 /* ic_menu_recent_history.png in Resources */ = {isa = PBXBuildFile; fileRef = 25DDF6462200238F003AF5E3 /* ic_menu_recent_history.png */; };
		25DDF67A2200265B003AF5E3 /* DPDConstants.swift in Sources */ = {isa = PBXBuildFile; fileRef = 25DDF6702200265B003AF5E3 /* DPDConstants.swift */; };
		25DDF67B2200265B003AF5E3 /* DPDKeyboardListener.swift in Sources */ = {isa = PBXBuildFile; fileRef = 25DDF6712200265B003AF5E3 /* DPDKeyboardListener.swift */; };
		25DDF67C2200265B003AF5E3 /* DPDUIView+Extension.swift in Sources */ = {isa = PBXBuildFile; fileRef = 25DDF6722200265B003AF5E3 /* DPDUIView+Extension.swift */; };
		25DDF67E2200265B003AF5E3 /* DropDownCell.xib in Resources */ = {isa = PBXBuildFile; fileRef = 25DDF6752200265B003AF5E3 /* DropDownCell.xib */; };
		25DDF67F2200265B003AF5E3 /* DropDown+Appearance.swift in Sources */ = {isa = PBXBuildFile; fileRef = 25DDF6772200265B003AF5E3 /* DropDown+Appearance.swift */; };
		25DDF6802200265B003AF5E3 /* DropDown.swift in Sources */ = {isa = PBXBuildFile; fileRef = 25DDF6782200265B003AF5E3 /* DropDown.swift */; };
		25DDF6812200265B003AF5E3 /* DropDownCell.swift in Sources */ = {isa = PBXBuildFile; fileRef = 25DDF6792200265B003AF5E3 /* DropDownCell.swift */; };
		25DDF695220029AD003AF5E3 /* x_darkGray@2x.png in Resources */ = {isa = PBXBuildFile; fileRef = 25DDF68E220029AD003AF5E3 /* x_darkGray@2x.png */; };
		25DDF696220029AD003AF5E3 /* x_darkGray@3x.png in Resources */ = {isa = PBXBuildFile; fileRef = 25DDF68F220029AD003AF5E3 /* x_darkGray@3x.png */; };
		25DDF698220029AD003AF5E3 /* CircularSpinner.swift in Sources */ = {isa = PBXBuildFile; fileRef = 25DDF692220029AD003AF5E3 /* CircularSpinner.swift */; };
		25DDF699220029AD003AF5E3 /* CircularSpinner.xib in Resources */ = {isa = PBXBuildFile; fileRef = 25DDF693220029AD003AF5E3 /* CircularSpinner.xib */; };
		25DDF6E8220029E0003AF5E3 /* Assets.xcassets in Resources */ = {isa = PBXBuildFile; fileRef = 25DDF69B220029DF003AF5E3 /* Assets.xcassets */; };
		25DDF6E9220029E0003AF5E3 /* BaseRow.swift in Sources */ = {isa = PBXBuildFile; fileRef = 25DDF69D220029DF003AF5E3 /* BaseRow.swift */; };
		25DDF6EA220029E0003AF5E3 /* Cell.swift in Sources */ = {isa = PBXBuildFile; fileRef = 25DDF69E220029DF003AF5E3 /* Cell.swift */; };
		25DDF6EB220029E0003AF5E3 /* CellType.swift in Sources */ = {isa = PBXBuildFile; fileRef = 25DDF69F220029DF003AF5E3 /* CellType.swift */; };
		25DDF6EC220029E0003AF5E3 /* Core.swift in Sources */ = {isa = PBXBuildFile; fileRef = 25DDF6A0220029DF003AF5E3 /* Core.swift */; };
		25DDF6ED220029E0003AF5E3 /* Form.swift in Sources */ = {isa = PBXBuildFile; fileRef = 25DDF6A1220029DF003AF5E3 /* Form.swift */; };
		25DDF6EE220029E0003AF5E3 /* HeaderFooterView.swift in Sources */ = {isa = PBXBuildFile; fileRef = 25DDF6A2220029DF003AF5E3 /* HeaderFooterView.swift */; };
		25DDF6EF220029E0003AF5E3 /* Helpers.swift in Sources */ = {isa = PBXBuildFile; fileRef = 25DDF6A3220029DF003AF5E3 /* Helpers.swift */; };
		25DDF6F0220029E0003AF5E3 /* InlineRowType.swift in Sources */ = {isa = PBXBuildFile; fileRef = 25DDF6A4220029DF003AF5E3 /* InlineRowType.swift */; };
		25DDF6F1220029E0003AF5E3 /* NavigationAccessoryView.swift in Sources */ = {isa = PBXBuildFile; fileRef = 25DDF6A5220029DF003AF5E3 /* NavigationAccessoryView.swift */; };
		25DDF6F2220029E0003AF5E3 /* Operators.swift in Sources */ = {isa = PBXBuildFile; fileRef = 25DDF6A6220029DF003AF5E3 /* Operators.swift */; };
		25DDF6F3220029E0003AF5E3 /* PresenterRowType.swift in Sources */ = {isa = PBXBuildFile; fileRef = 25DDF6A7220029DF003AF5E3 /* PresenterRowType.swift */; };
		25DDF6F4220029E0003AF5E3 /* Row.swift in Sources */ = {isa = PBXBuildFile; fileRef = 25DDF6A8220029DF003AF5E3 /* Row.swift */; };
		25DDF6F5220029E0003AF5E3 /* RowControllerType.swift in Sources */ = {isa = PBXBuildFile; fileRef = 25DDF6A9220029DF003AF5E3 /* RowControllerType.swift */; };
		25DDF6F6220029E0003AF5E3 /* RowProtocols.swift in Sources */ = {isa = PBXBuildFile; fileRef = 25DDF6AA220029E0003AF5E3 /* RowProtocols.swift */; };
		25DDF6F7220029E0003AF5E3 /* RowType.swift in Sources */ = {isa = PBXBuildFile; fileRef = 25DDF6AB220029E0003AF5E3 /* RowType.swift */; };
		25DDF6F8220029E0003AF5E3 /* Section.swift in Sources */ = {isa = PBXBuildFile; fileRef = 25DDF6AC220029E0003AF5E3 /* Section.swift */; };
		25DDF6F9220029E0003AF5E3 /* SelectableRowType.swift in Sources */ = {isa = PBXBuildFile; fileRef = 25DDF6AD220029E0003AF5E3 /* SelectableRowType.swift */; };
		25DDF6FA220029E0003AF5E3 /* SelectableSection.swift in Sources */ = {isa = PBXBuildFile; fileRef = 25DDF6AE220029E0003AF5E3 /* SelectableSection.swift */; };
		25DDF6FB220029E0003AF5E3 /* SwipeActions.swift in Sources */ = {isa = PBXBuildFile; fileRef = 25DDF6AF220029E0003AF5E3 /* SwipeActions.swift */; };
		25DDF6FC220029E0003AF5E3 /* Validation.swift in Sources */ = {isa = PBXBuildFile; fileRef = 25DDF6B0220029E0003AF5E3 /* Validation.swift */; };
		25DDF6FE220029E0003AF5E3 /* Eureka.bundle in Resources */ = {isa = PBXBuildFile; fileRef = 25DDF6B4220029E0003AF5E3 /* Eureka.bundle */; };
		25DDF6FF220029E0003AF5E3 /* ActionSheetRow.swift in Sources */ = {isa = PBXBuildFile; fileRef = 25DDF6B6220029E0003AF5E3 /* ActionSheetRow.swift */; };
		25DDF700220029E0003AF5E3 /* AlertRow.swift in Sources */ = {isa = PBXBuildFile; fileRef = 25DDF6B7220029E0003AF5E3 /* AlertRow.swift */; };
		25DDF701220029E0003AF5E3 /* ButtonRow.swift in Sources */ = {isa = PBXBuildFile; fileRef = 25DDF6B8220029E0003AF5E3 /* ButtonRow.swift */; };
		25DDF702220029E0003AF5E3 /* ButtonRowWithPresent.swift in Sources */ = {isa = PBXBuildFile; fileRef = 25DDF6B9220029E0003AF5E3 /* ButtonRowWithPresent.swift */; };
		25DDF703220029E0003AF5E3 /* CheckRow.swift in Sources */ = {isa = PBXBuildFile; fileRef = 25DDF6BA220029E0003AF5E3 /* CheckRow.swift */; };
		25DDF704220029E0003AF5E3 /* AlertOptionsRow.swift in Sources */ = {isa = PBXBuildFile; fileRef = 25DDF6BC220029E0003AF5E3 /* AlertOptionsRow.swift */; };
		25DDF705220029E0003AF5E3 /* DateFieldRow.swift in Sources */ = {isa = PBXBuildFile; fileRef = 25DDF6BD220029E0003AF5E3 /* DateFieldRow.swift */; };
		25DDF706220029E0003AF5E3 /* DateInlineFieldRow.swift in Sources */ = {isa = PBXBuildFile; fileRef = 25DDF6BE220029E0003AF5E3 /* DateInlineFieldRow.swift */; };
		25DDF707220029E0003AF5E3 /* DecimalFormatter.swift in Sources */ = {isa = PBXBuildFile; fileRef = 25DDF6BF220029E0003AF5E3 /* DecimalFormatter.swift */; };
		25DDF708220029E0003AF5E3 /* FieldRow.swift in Sources */ = {isa = PBXBuildFile; fileRef = 25DDF6C0220029E0003AF5E3 /* FieldRow.swift */; };
		25DDF709220029E0003AF5E3 /* GenericMultipleSelectorRow.swift in Sources */ = {isa = PBXBuildFile; fileRef = 25DDF6C1220029E0003AF5E3 /* GenericMultipleSelectorRow.swift */; };
		25DDF70A220029E0003AF5E3 /* OptionsRow.swift in Sources */ = {isa = PBXBuildFile; fileRef = 25DDF6C2220029E0003AF5E3 /* OptionsRow.swift */; };
		25DDF70B220029E0003AF5E3 /* Protocols.swift in Sources */ = {isa = PBXBuildFile; fileRef = 25DDF6C3220029E0003AF5E3 /* Protocols.swift */; };
		25DDF70C220029E0003AF5E3 /* SelectorRow.swift in Sources */ = {isa = PBXBuildFile; fileRef = 25DDF6C4220029E0003AF5E3 /* SelectorRow.swift */; };
		25DDF70D220029E0003AF5E3 /* MultipleSelectorViewController.swift in Sources */ = {isa = PBXBuildFile; fileRef = 25DDF6C6220029E0003AF5E3 /* MultipleSelectorViewController.swift */; };
		25DDF70E220029E0003AF5E3 /* SelectorAlertController.swift in Sources */ = {isa = PBXBuildFile; fileRef = 25DDF6C7220029E0003AF5E3 /* SelectorAlertController.swift */; };
		25DDF70F220029E0003AF5E3 /* SelectorViewController.swift in Sources */ = {isa = PBXBuildFile; fileRef = 25DDF6C8220029E0003AF5E3 /* SelectorViewController.swift */; };
		25DDF710220029E0003AF5E3 /* DateInlineRow.swift in Sources */ = {isa = PBXBuildFile; fileRef = 25DDF6C9220029E0003AF5E3 /* DateInlineRow.swift */; };
		25DDF711220029E0003AF5E3 /* DatePickerRow.swift in Sources */ = {isa = PBXBuildFile; fileRef = 25DDF6CA220029E0003AF5E3 /* DatePickerRow.swift */; };
		25DDF712220029E0003AF5E3 /* DateRow.swift in Sources */ = {isa = PBXBuildFile; fileRef = 25DDF6CB220029E0003AF5E3 /* DateRow.swift */; };
		25DDF713220029E0003AF5E3 /* DoublePickerInputRow.swift in Sources */ = {isa = PBXBuildFile; fileRef = 25DDF6CC220029E0003AF5E3 /* DoublePickerInputRow.swift */; };
		25DDF714220029E0003AF5E3 /* DoublePickerRow.swift in Sources */ = {isa = PBXBuildFile; fileRef = 25DDF6CD220029E0003AF5E3 /* DoublePickerRow.swift */; };
		25DDF715220029E0003AF5E3 /* FieldsRow.swift in Sources */ = {isa = PBXBuildFile; fileRef = 25DDF6CE220029E0003AF5E3 /* FieldsRow.swift */; };
		25DDF716220029E0003AF5E3 /* LabelRow.swift in Sources */ = {isa = PBXBuildFile; fileRef = 25DDF6CF220029E0003AF5E3 /* LabelRow.swift */; };
		25DDF717220029E0003AF5E3 /* MultipleSelectorRow.swift in Sources */ = {isa = PBXBuildFile; fileRef = 25DDF6D0220029E0003AF5E3 /* MultipleSelectorRow.swift */; };
		25DDF718220029E0003AF5E3 /* PickerInlineRow.swift in Sources */ = {isa = PBXBuildFile; fileRef = 25DDF6D1220029E0003AF5E3 /* PickerInlineRow.swift */; };
		25DDF719220029E0003AF5E3 /* PickerInputRow.swift in Sources */ = {isa = PBXBuildFile; fileRef = 25DDF6D2220029E0003AF5E3 /* PickerInputRow.swift */; };
		25DDF71A220029E0003AF5E3 /* PickerRow.swift in Sources */ = {isa = PBXBuildFile; fileRef = 25DDF6D3220029E0003AF5E3 /* PickerRow.swift */; };
		25DDF71B220029E0003AF5E3 /* PopoverSelectorRow.swift in Sources */ = {isa = PBXBuildFile; fileRef = 25DDF6D4220029E0003AF5E3 /* PopoverSelectorRow.swift */; };
		25DDF71C220029E0003AF5E3 /* PushRow.swift in Sources */ = {isa = PBXBuildFile; fileRef = 25DDF6D5220029E0003AF5E3 /* PushRow.swift */; };
		25DDF71D220029E0003AF5E3 /* SegmentedRow.swift in Sources */ = {isa = PBXBuildFile; fileRef = 25DDF6D6220029E0003AF5E3 /* SegmentedRow.swift */; };
		25DDF71E220029E0003AF5E3 /* ListCheckRow.swift in Sources */ = {isa = PBXBuildFile; fileRef = 25DDF6D8220029E0003AF5E3 /* ListCheckRow.swift */; };
		25DDF71F220029E0003AF5E3 /* SliderRow.swift in Sources */ = {isa = PBXBuildFile; fileRef = 25DDF6D9220029E0003AF5E3 /* SliderRow.swift */; };
		25DDF720220029E0003AF5E3 /* StepperRow.swift in Sources */ = {isa = PBXBuildFile; fileRef = 25DDF6DA220029E0003AF5E3 /* StepperRow.swift */; };
		25DDF721220029E0003AF5E3 /* SwitchRow.swift in Sources */ = {isa = PBXBuildFile; fileRef = 25DDF6DB220029E0003AF5E3 /* SwitchRow.swift */; };
		25DDF722220029E0003AF5E3 /* TextAreaRow.swift in Sources */ = {isa = PBXBuildFile; fileRef = 25DDF6DC220029E0003AF5E3 /* TextAreaRow.swift */; };
		25DDF723220029E0003AF5E3 /* TriplePickerInputRow.swift in Sources */ = {isa = PBXBuildFile; fileRef = 25DDF6DD220029E0003AF5E3 /* TriplePickerInputRow.swift */; };
		25DDF724220029E0003AF5E3 /* TriplePickerRow.swift in Sources */ = {isa = PBXBuildFile; fileRef = 25DDF6DE220029E0003AF5E3 /* TriplePickerRow.swift */; };
		25DDF725220029E0003AF5E3 /* RuleClosure.swift in Sources */ = {isa = PBXBuildFile; fileRef = 25DDF6E0220029E0003AF5E3 /* RuleClosure.swift */; };
		25DDF726220029E0003AF5E3 /* RuleEmail.swift in Sources */ = {isa = PBXBuildFile; fileRef = 25DDF6E1220029E0003AF5E3 /* RuleEmail.swift */; };
		25DDF727220029E0003AF5E3 /* RuleEqualsToRow.swift in Sources */ = {isa = PBXBuildFile; fileRef = 25DDF6E2220029E0003AF5E3 /* RuleEqualsToRow.swift */; };
		25DDF728220029E0003AF5E3 /* RuleLength.swift in Sources */ = {isa = PBXBuildFile; fileRef = 25DDF6E3220029E0003AF5E3 /* RuleLength.swift */; };
		25DDF729220029E0003AF5E3 /* RuleRange.swift in Sources */ = {isa = PBXBuildFile; fileRef = 25DDF6E4220029E0003AF5E3 /* RuleRange.swift */; };
		25DDF72A220029E0003AF5E3 /* RuleRegExp.swift in Sources */ = {isa = PBXBuildFile; fileRef = 25DDF6E5220029E0003AF5E3 /* RuleRegExp.swift */; };
		25DDF72B220029E0003AF5E3 /* RuleRequired.swift in Sources */ = {isa = PBXBuildFile; fileRef = 25DDF6E6220029E0003AF5E3 /* RuleRequired.swift */; };
		25DDF72C220029E0003AF5E3 /* RuleURL.swift in Sources */ = {isa = PBXBuildFile; fileRef = 25DDF6E7220029E0003AF5E3 /* RuleURL.swift */; };
		25DDF73622002A96003AF5E3 /* FindPlaceRequest.swift in Sources */ = {isa = PBXBuildFile; fileRef = 25DDF72F22002A96003AF5E3 /* FindPlaceRequest.swift */; };
		25DDF73822002A96003AF5E3 /* HeadingRequest.swift in Sources */ = {isa = PBXBuildFile; fileRef = 25DDF73122002A96003AF5E3 /* HeadingRequest.swift */; };
		25DDF73922002A96003AF5E3 /* IPLocationRequest.swift in Sources */ = {isa = PBXBuildFile; fileRef = 25DDF73222002A96003AF5E3 /* IPLocationRequest.swift */; };
		25DDF73A22002A96003AF5E3 /* LocationRequest.swift in Sources */ = {isa = PBXBuildFile; fileRef = 25DDF73322002A96003AF5E3 /* LocationRequest.swift */; };
		25DDF73B22002A96003AF5E3 /* Locator.swift in Sources */ = {isa = PBXBuildFile; fileRef = 25DDF73422002A96003AF5E3 /* Locator.swift */; };
		25DDF73C22002A96003AF5E3 /* Shared.swift in Sources */ = {isa = PBXBuildFile; fileRef = 25DDF73522002A96003AF5E3 /* Shared.swift */; };
		25DDF74522002ACD003AF5E3 /* SKToastView.swift in Sources */ = {isa = PBXBuildFile; fileRef = 25DDF74222002ACD003AF5E3 /* SKToastView.swift */; };
		25DDF74722002B1F003AF5E3 /* CoreLocation.framework in Frameworks */ = {isa = PBXBuildFile; fileRef = 25DDF74622002B1F003AF5E3 /* CoreLocation.framework */; };
		25DDF74922002D97003AF5E3 /* SwiftyPing.swift in Sources */ = {isa = PBXBuildFile; fileRef = 25DDF74822002D97003AF5E3 /* SwiftyPing.swift */; };
		25DDF74B22002E00003AF5E3 /* PreviewView.swift in Sources */ = {isa = PBXBuildFile; fileRef = 25DDF74A22002E00003AF5E3 /* PreviewView.swift */; };
		25DDF75A2200C9C6003AF5E3 /* RFAboutViewCloseX.png in Resources */ = {isa = PBXBuildFile; fileRef = 25DDF7512200C9C6003AF5E3 /* RFAboutViewCloseX.png */; };
		25DDF75B2200C9C6003AF5E3 /* RFAboutViewCloseX@2x.png in Resources */ = {isa = PBXBuildFile; fileRef = 25DDF7522200C9C6003AF5E3 /* RFAboutViewCloseX@2x.png */; };
		25DDF75C2200C9C6003AF5E3 /* RFAboutViewCloseX@3x.png in Resources */ = {isa = PBXBuildFile; fileRef = 25DDF7532200C9C6003AF5E3 /* RFAboutViewCloseX@3x.png */; };
		25DDF75D2200C9C6003AF5E3 /* RFAboutView.swift in Sources */ = {isa = PBXBuildFile; fileRef = 25DDF7552200C9C6003AF5E3 /* RFAboutView.swift */; };
		25DDF75E2200C9C6003AF5E3 /* RFAboutViewDetailViewController.swift in Sources */ = {isa = PBXBuildFile; fileRef = 25DDF7562200C9C6003AF5E3 /* RFAboutViewDetailViewController.swift */; };
		25DDF75F2200C9C6003AF5E3 /* UIViewController+sizeForPercent.swift in Sources */ = {isa = PBXBuildFile; fileRef = 25DDF7572200C9C6003AF5E3 /* UIViewController+sizeForPercent.swift */; };
		607FACD61AFB9204008FA782 /* AppDelegate.swift in Sources */ = {isa = PBXBuildFile; fileRef = 607FACD51AFB9204008FA782 /* AppDelegate.swift */; };
		607FACD81AFB9204008FA782 /* ViewController.swift in Sources */ = {isa = PBXBuildFile; fileRef = 607FACD71AFB9204008FA782 /* ViewController.swift */; };
		607FACDB1AFB9204008FA782 /* Main.storyboard in Resources */ = {isa = PBXBuildFile; fileRef = 607FACD91AFB9204008FA782 /* Main.storyboard */; };
		607FACDD1AFB9204008FA782 /* Images.xcassets in Resources */ = {isa = PBXBuildFile; fileRef = 607FACDC1AFB9204008FA782 /* Images.xcassets */; };
		607FACEC1AFB9204008FA782 /* Tests.swift in Sources */ = {isa = PBXBuildFile; fileRef = 607FACEB1AFB9204008FA782 /* Tests.swift */; };
		F4C4530BEE43560B73E3CBFA /* Pods_MatchingEngineSDK_Example.framework in Frameworks */ = {isa = PBXBuildFile; fileRef = EAD7F705A8673F63A86065AF /* Pods_MatchingEngineSDK_Example.framework */; settings = {ATTRIBUTES = (Weak, ); }; };
/* End PBXBuildFile section */

/* Begin PBXContainerItemProxy section */
		607FACE61AFB9204008FA782 /* PBXContainerItemProxy */ = {
			isa = PBXContainerItemProxy;
			containerPortal = 607FACC81AFB9204008FA782 /* Project object */;
			proxyType = 1;
			remoteGlobalIDString = 607FACCF1AFB9204008FA782;
			remoteInfo = MatchingEngineSDK;
		};
/* End PBXContainerItemProxy section */

/* Begin PBXFileReference section */
		0B5C1FDA2F3805D8FF67DC77 /* LICENSE */ = {isa = PBXFileReference; includeInIndex = 1; lastKnownFileType = text; name = LICENSE; path = ../LICENSE; sourceTree = "<group>"; };
		0ED8B696923D673B04828D51 /* Pods-MatchingEngineSDK_Example.debug.xcconfig */ = {isa = PBXFileReference; includeInIndex = 1; lastKnownFileType = text.xcconfig; name = "Pods-MatchingEngineSDK_Example.debug.xcconfig"; path = "Pods/Target Support Files/Pods-MatchingEngineSDK_Example/Pods-MatchingEngineSDK_Example.debug.xcconfig"; sourceTree = "<group>"; };
		2547832F220A327500991177 /* OSAtomicInt.swift */ = {isa = PBXFileReference; fileEncoding = 4; lastKnownFileType = sourcecode.swift; name = OSAtomicInt.swift; path = ThirdParty/OSAtomicInt.swift; sourceTree = "<group>"; };
		25478331220A333F00991177 /* ExtensionVars.swift */ = {isa = PBXFileReference; fileEncoding = 4; lastKnownFileType = sourcecode.swift; name = ExtensionVars.swift; path = ThirdParty/ExtensionVars.swift; sourceTree = "<group>"; };
		25A067CC2200EBA300626184 /* Sample_client.swift */ = {isa = PBXFileReference; fileEncoding = 4; lastKnownFileType = sourcecode.swift; path = Sample_client.swift; sourceTree = "<group>"; };
		25A067CE2200F1C200626184 /* CMSampleBufferExtension.swift */ = {isa = PBXFileReference; fileEncoding = 4; lastKnownFileType = sourcecode.swift; name = CMSampleBufferExtension.swift; path = "ThirdParty/AppleFaceDetection-master/VisionDetection/CMSampleBufferExtension.swift"; sourceTree = "<group>"; };
		25A067D02200FE6400626184 /* MatchingEngineSDK.framework */ = {isa = PBXFileReference; explicitFileType = wrapper.framework; path = MatchingEngineSDK.framework; sourceTree = BUILT_PRODUCTS_DIR; };
		25A067D722021CED00626184 /* Base */ = {isa = PBXFileReference; lastKnownFileType = file.storyboard; name = Base; path = Base.lproj/LaunchScreen.storyboard; sourceTree = "<group>"; };
		25A067DA2202366500626184 /* Base */ = {isa = PBXFileReference; lastKnownFileType = file.storyboard; name = Base; path = MatchingEngineSDK/Base.lproj/Permissions.storyboard; sourceTree = SOURCE_ROOT; };
		25DDF60022001793003AF5E3 /* Cloudlet.swift */ = {isa = PBXFileReference; fileEncoding = 4; lastKnownFileType = sourcecode.swift; path = Cloudlet.swift; sourceTree = "<group>"; };
		25DDF60122001793003AF5E3 /* CloudletDetailsViewController.swift */ = {isa = PBXFileReference; fileEncoding = 4; lastKnownFileType = sourcecode.swift; path = CloudletDetailsViewController.swift; sourceTree = "<group>"; };
		25DDF60222001793003AF5E3 /* CloudletListHolder.swift */ = {isa = PBXFileReference; fileEncoding = 4; lastKnownFileType = sourcecode.swift; path = CloudletListHolder.swift; sourceTree = "<group>"; };
		25DDF60322001793003AF5E3 /* FaceDetectionViewController.swift */ = {isa = PBXFileReference; fileEncoding = 4; lastKnownFileType = sourcecode.swift; path = FaceDetectionViewController.swift; sourceTree = "<group>"; };
		25DDF60522001793003AF5E3 /* EnhancedNetworkLocationServicesViewController.swift */ = {isa = PBXFileReference; fileEncoding = 4; lastKnownFileType = sourcecode.swift; path = EnhancedNetworkLocationServicesViewController.swift; sourceTree = "<group>"; };
		25DDF60622001793003AF5E3 /* FaceDectectionSettingsViewController.swift */ = {isa = PBXFileReference; fileEncoding = 4; lastKnownFileType = sourcecode.swift; path = FaceDectectionSettingsViewController.swift; sourceTree = "<group>"; };
		25DDF60722001793003AF5E3 /* GeneralSettingsViewController.swift */ = {isa = PBXFileReference; fileEncoding = 4; lastKnownFileType = sourcecode.swift; path = GeneralSettingsViewController.swift; sourceTree = "<group>"; };
		25DDF60922001793003AF5E3 /* About.png */ = {isa = PBXFileReference; lastKnownFileType = image.png; path = About.png; sourceTree = "<group>"; };
		25DDF60A22001793003AF5E3 /* Cog_font_awesome copy.png */ = {isa = PBXFileReference; lastKnownFileType = image.png; path = "Cog_font_awesome copy.png"; sourceTree = "<group>"; };
		25DDF60B22001793003AF5E3 /* Cog_font_awesome.png */ = {isa = PBXFileReference; lastKnownFileType = image.png; path = Cog_font_awesome.png; sourceTree = "<group>"; };
		25DDF60C22001793003AF5E3 /* g-logo copy.png */ = {isa = PBXFileReference; lastKnownFileType = image.png; path = "g-logo copy.png"; sourceTree = "<group>"; };
		25DDF60D22001793003AF5E3 /* g-logo.png */ = {isa = PBXFileReference; lastKnownFileType = image.png; path = "g-logo.png"; sourceTree = "<group>"; };
		25DDF60E22001793003AF5E3 /* ios11-control-center-camera-icon.png */ = {isa = PBXFileReference; lastKnownFileType = image.png; path = "ios11-control-center-camera-icon.png"; sourceTree = "<group>"; };
		25DDF60F22001793003AF5E3 /* menu-512.png */ = {isa = PBXFileReference; lastKnownFileType = image.png; path = "menu-512.png"; sourceTree = "<group>"; };
		25DDF61022001793003AF5E3 /* SettingsViewController.swift */ = {isa = PBXFileReference; fileEncoding = 4; lastKnownFileType = sourcecode.swift; path = SettingsViewController.swift; sourceTree = "<group>"; };
		25DDF61122001793003AF5E3 /* SideMenuViewController.swift */ = {isa = PBXFileReference; fileEncoding = 4; lastKnownFileType = sourcecode.swift; path = SideMenuViewController.swift; sourceTree = "<group>"; };
		25DDF61222001793003AF5E3 /* SpeedTestSettingsViewController.swift */ = {isa = PBXFileReference; fileEncoding = 4; lastKnownFileType = sourcecode.swift; path = SpeedTestSettingsViewController.swift; sourceTree = "<group>"; };
		25DDF61322001793003AF5E3 /* Mex.utitities.swift */ = {isa = PBXFileReference; fileEncoding = 4; lastKnownFileType = sourcecode.swift; path = Mex.utitities.swift; sourceTree = "<group>"; };
		25DDF61522001793003AF5E3 /* PermissionViewController.swift */ = {isa = PBXFileReference; fileEncoding = 4; lastKnownFileType = sourcecode.swift; path = PermissionViewController.swift; sourceTree = "<group>"; };
		25DDF62A2200238E003AF5E3 /* Acknowledgements.plist */ = {isa = PBXFileReference; fileEncoding = 4; lastKnownFileType = text.plist.xml; path = Acknowledgements.plist; sourceTree = "<group>"; };
		25DDF62C2200238E003AF5E3 /* mex-ca.crt */ = {isa = PBXFileReference; fileEncoding = 4; lastKnownFileType = text; path = "mex-ca.crt"; sourceTree = "<group>"; };
		25DDF62D2200238E003AF5E3 /* mex-ca.der */ = {isa = PBXFileReference; lastKnownFileType = file; path = "mex-ca.der"; sourceTree = "<group>"; };
		25DDF62E2200238E003AF5E3 /* mex-client copy.key */ = {isa = PBXFileReference; fileEncoding = 4; lastKnownFileType = text; path = "mex-client copy.key"; sourceTree = "<group>"; };
		25DDF62F2200238E003AF5E3 /* mex-client.crt */ = {isa = PBXFileReference; fileEncoding = 4; lastKnownFileType = text; path = "mex-client.crt"; sourceTree = "<group>"; };
		25DDF6302200238E003AF5E3 /* mex-client.der */ = {isa = PBXFileReference; lastKnownFileType = file; path = "mex-client.der"; sourceTree = "<group>"; };
		25DDF6312200238E003AF5E3 /* mex-client.key */ = {isa = PBXFileReference; fileEncoding = 4; lastKnownFileType = text; path = "mex-client.key"; sourceTree = "<group>"; };
		25DDF6322200238E003AF5E3 /* mex-clientkey.der */ = {isa = PBXFileReference; lastKnownFileType = file; path = "mex-clientkey.der"; sourceTree = "<group>"; };
		25DDF6382200238E003AF5E3 /* dot-menu@2x.png */ = {isa = PBXFileReference; lastKnownFileType = image.png; path = "dot-menu@2x.png"; sourceTree = "<group>"; };
		25DDF6392200238E003AF5E3 /* dot-menu@3x.png */ = {isa = PBXFileReference; lastKnownFileType = image.png; path = "dot-menu@3x.png"; sourceTree = "<group>"; };
		25DDF63A2200238E003AF5E3 /* ic_action_find_cloudlets.png */ = {isa = PBXFileReference; lastKnownFileType = image.png; path = ic_action_find_cloudlets.png; sourceTree = "<group>"; };
		25DDF63B2200238E003AF5E3 /* ic_launcher-web.102.png */ = {isa = PBXFileReference; lastKnownFileType = image.png; path = "ic_launcher-web.102.png"; sourceTree = "<group>"; };
		25DDF63C2200238E003AF5E3 /* ic_launcher-web.1024.png */ = {isa = PBXFileReference; lastKnownFileType = image.png; path = "ic_launcher-web.1024.png"; sourceTree = "<group>"; };
		25DDF63D2200238E003AF5E3 /* ic_launcher-web.180.png */ = {isa = PBXFileReference; lastKnownFileType = image.png; path = "ic_launcher-web.180.png"; sourceTree = "<group>"; };
		25DDF63E2200238E003AF5E3 /* ic_launcher-web.76.png */ = {isa = PBXFileReference; lastKnownFileType = image.png; path = "ic_launcher-web.76.png"; sourceTree = "<group>"; };
		25DDF63F2200238E003AF5E3 /* ic_launcher-web.83.png */ = {isa = PBXFileReference; lastKnownFileType = image.png; path = "ic_launcher-web.83.png"; sourceTree = "<group>"; };
		25DDF6402200238E003AF5E3 /* ic_launcher-web.png */ = {isa = PBXFileReference; lastKnownFileType = image.png; path = "ic_launcher-web.png"; sourceTree = "<group>"; };
		25DDF6412200238E003AF5E3 /* ic_marker_cloudlet-web.png */ = {isa = PBXFileReference; lastKnownFileType = image.png; path = "ic_marker_cloudlet-web.png"; sourceTree = "<group>"; };
		25DDF6422200238E003AF5E3 /* ic_marker_mobile-web.png */ = {isa = PBXFileReference; lastKnownFileType = image.png; path = "ic_marker_mobile-web.png"; sourceTree = "<group>"; };
		25DDF6432200238E003AF5E3 /* ic_menu_camera.png */ = {isa = PBXFileReference; lastKnownFileType = image.png; path = ic_menu_camera.png; sourceTree = "<group>"; };
		25DDF6442200238E003AF5E3 /* ic_menu_compass.png */ = {isa = PBXFileReference; lastKnownFileType = image.png; path = ic_menu_compass.png; sourceTree = "<group>"; };
		25DDF6452200238F003AF5E3 /* ic_menu_preferences.png */ = {isa = PBXFileReference; lastKnownFileType = image.png; path = ic_menu_preferences.png; sourceTree = "<group>"; };
		25DDF6462200238F003AF5E3 /* ic_menu_recent_history.png */ = {isa = PBXFileReference; lastKnownFileType = image.png; path = ic_menu_recent_history.png; sourceTree = "<group>"; };
		25DDF66E2200265B003AF5E3 /* DropDown.h */ = {isa = PBXFileReference; fileEncoding = 4; lastKnownFileType = sourcecode.c.h; path = DropDown.h; sourceTree = "<group>"; };
		25DDF6702200265B003AF5E3 /* DPDConstants.swift */ = {isa = PBXFileReference; fileEncoding = 4; lastKnownFileType = sourcecode.swift; path = DPDConstants.swift; sourceTree = "<group>"; };
		25DDF6712200265B003AF5E3 /* DPDKeyboardListener.swift */ = {isa = PBXFileReference; fileEncoding = 4; lastKnownFileType = sourcecode.swift; path = DPDKeyboardListener.swift; sourceTree = "<group>"; };
		25DDF6722200265B003AF5E3 /* DPDUIView+Extension.swift */ = {isa = PBXFileReference; fileEncoding = 4; lastKnownFileType = sourcecode.swift; path = "DPDUIView+Extension.swift"; sourceTree = "<group>"; };
		25DDF6732200265B003AF5E3 /* Info.plist */ = {isa = PBXFileReference; fileEncoding = 4; lastKnownFileType = text.plist.xml; path = Info.plist; sourceTree = "<group>"; };
		25DDF6752200265B003AF5E3 /* DropDownCell.xib */ = {isa = PBXFileReference; fileEncoding = 4; lastKnownFileType = file.xib; path = DropDownCell.xib; sourceTree = "<group>"; };
		25DDF6772200265B003AF5E3 /* DropDown+Appearance.swift */ = {isa = PBXFileReference; fileEncoding = 4; lastKnownFileType = sourcecode.swift; path = "DropDown+Appearance.swift"; sourceTree = "<group>"; };
		25DDF6782200265B003AF5E3 /* DropDown.swift */ = {isa = PBXFileReference; fileEncoding = 4; lastKnownFileType = sourcecode.swift; path = DropDown.swift; sourceTree = "<group>"; };
		25DDF6792200265B003AF5E3 /* DropDownCell.swift */ = {isa = PBXFileReference; fileEncoding = 4; lastKnownFileType = sourcecode.swift; path = DropDownCell.swift; sourceTree = "<group>"; };
		25DDF68E220029AD003AF5E3 /* x_darkGray@2x.png */ = {isa = PBXFileReference; lastKnownFileType = image.png; path = "x_darkGray@2x.png"; sourceTree = "<group>"; };
		25DDF68F220029AD003AF5E3 /* x_darkGray@3x.png */ = {isa = PBXFileReference; lastKnownFileType = image.png; path = "x_darkGray@3x.png"; sourceTree = "<group>"; };
		25DDF692220029AD003AF5E3 /* CircularSpinner.swift */ = {isa = PBXFileReference; fileEncoding = 4; lastKnownFileType = sourcecode.swift; path = CircularSpinner.swift; sourceTree = "<group>"; };
		25DDF693220029AD003AF5E3 /* CircularSpinner.xib */ = {isa = PBXFileReference; fileEncoding = 4; lastKnownFileType = file.xib; path = CircularSpinner.xib; sourceTree = "<group>"; };
		25DDF69B220029DF003AF5E3 /* Assets.xcassets */ = {isa = PBXFileReference; lastKnownFileType = folder.assetcatalog; path = Assets.xcassets; sourceTree = "<group>"; };
		25DDF69D220029DF003AF5E3 /* BaseRow.swift */ = {isa = PBXFileReference; fileEncoding = 4; lastKnownFileType = sourcecode.swift; path = BaseRow.swift; sourceTree = "<group>"; };
		25DDF69E220029DF003AF5E3 /* Cell.swift */ = {isa = PBXFileReference; fileEncoding = 4; lastKnownFileType = sourcecode.swift; path = Cell.swift; sourceTree = "<group>"; };
		25DDF69F220029DF003AF5E3 /* CellType.swift */ = {isa = PBXFileReference; fileEncoding = 4; lastKnownFileType = sourcecode.swift; path = CellType.swift; sourceTree = "<group>"; };
		25DDF6A0220029DF003AF5E3 /* Core.swift */ = {isa = PBXFileReference; fileEncoding = 4; lastKnownFileType = sourcecode.swift; path = Core.swift; sourceTree = "<group>"; };
		25DDF6A1220029DF003AF5E3 /* Form.swift */ = {isa = PBXFileReference; fileEncoding = 4; lastKnownFileType = sourcecode.swift; path = Form.swift; sourceTree = "<group>"; };
		25DDF6A2220029DF003AF5E3 /* HeaderFooterView.swift */ = {isa = PBXFileReference; fileEncoding = 4; lastKnownFileType = sourcecode.swift; path = HeaderFooterView.swift; sourceTree = "<group>"; };
		25DDF6A3220029DF003AF5E3 /* Helpers.swift */ = {isa = PBXFileReference; fileEncoding = 4; lastKnownFileType = sourcecode.swift; path = Helpers.swift; sourceTree = "<group>"; };
		25DDF6A4220029DF003AF5E3 /* InlineRowType.swift */ = {isa = PBXFileReference; fileEncoding = 4; lastKnownFileType = sourcecode.swift; path = InlineRowType.swift; sourceTree = "<group>"; };
		25DDF6A5220029DF003AF5E3 /* NavigationAccessoryView.swift */ = {isa = PBXFileReference; fileEncoding = 4; lastKnownFileType = sourcecode.swift; path = NavigationAccessoryView.swift; sourceTree = "<group>"; };
		25DDF6A6220029DF003AF5E3 /* Operators.swift */ = {isa = PBXFileReference; fileEncoding = 4; lastKnownFileType = sourcecode.swift; path = Operators.swift; sourceTree = "<group>"; };
		25DDF6A7220029DF003AF5E3 /* PresenterRowType.swift */ = {isa = PBXFileReference; fileEncoding = 4; lastKnownFileType = sourcecode.swift; path = PresenterRowType.swift; sourceTree = "<group>"; };
		25DDF6A8220029DF003AF5E3 /* Row.swift */ = {isa = PBXFileReference; fileEncoding = 4; lastKnownFileType = sourcecode.swift; path = Row.swift; sourceTree = "<group>"; };
		25DDF6A9220029DF003AF5E3 /* RowControllerType.swift */ = {isa = PBXFileReference; fileEncoding = 4; lastKnownFileType = sourcecode.swift; path = RowControllerType.swift; sourceTree = "<group>"; };
		25DDF6AA220029E0003AF5E3 /* RowProtocols.swift */ = {isa = PBXFileReference; fileEncoding = 4; lastKnownFileType = sourcecode.swift; path = RowProtocols.swift; sourceTree = "<group>"; };
		25DDF6AB220029E0003AF5E3 /* RowType.swift */ = {isa = PBXFileReference; fileEncoding = 4; lastKnownFileType = sourcecode.swift; path = RowType.swift; sourceTree = "<group>"; };
		25DDF6AC220029E0003AF5E3 /* Section.swift */ = {isa = PBXFileReference; fileEncoding = 4; lastKnownFileType = sourcecode.swift; path = Section.swift; sourceTree = "<group>"; };
		25DDF6AD220029E0003AF5E3 /* SelectableRowType.swift */ = {isa = PBXFileReference; fileEncoding = 4; lastKnownFileType = sourcecode.swift; path = SelectableRowType.swift; sourceTree = "<group>"; };
		25DDF6AE220029E0003AF5E3 /* SelectableSection.swift */ = {isa = PBXFileReference; fileEncoding = 4; lastKnownFileType = sourcecode.swift; path = SelectableSection.swift; sourceTree = "<group>"; };
		25DDF6AF220029E0003AF5E3 /* SwipeActions.swift */ = {isa = PBXFileReference; fileEncoding = 4; lastKnownFileType = sourcecode.swift; path = SwipeActions.swift; sourceTree = "<group>"; };
		25DDF6B0220029E0003AF5E3 /* Validation.swift */ = {isa = PBXFileReference; fileEncoding = 4; lastKnownFileType = sourcecode.swift; path = Validation.swift; sourceTree = "<group>"; };
		25DDF6B1220029E0003AF5E3 /* Eureka.h */ = {isa = PBXFileReference; fileEncoding = 4; lastKnownFileType = sourcecode.c.h; path = Eureka.h; sourceTree = "<group>"; };
		25DDF6B2220029E0003AF5E3 /* Info.plist */ = {isa = PBXFileReference; fileEncoding = 4; lastKnownFileType = text.plist.xml; path = Info.plist; sourceTree = "<group>"; };
		25DDF6B4220029E0003AF5E3 /* Eureka.bundle */ = {isa = PBXFileReference; lastKnownFileType = "wrapper.plug-in"; path = Eureka.bundle; sourceTree = "<group>"; };
		25DDF6B6220029E0003AF5E3 /* ActionSheetRow.swift */ = {isa = PBXFileReference; fileEncoding = 4; lastKnownFileType = sourcecode.swift; path = ActionSheetRow.swift; sourceTree = "<group>"; };
		25DDF6B7220029E0003AF5E3 /* AlertRow.swift */ = {isa = PBXFileReference; fileEncoding = 4; lastKnownFileType = sourcecode.swift; path = AlertRow.swift; sourceTree = "<group>"; };
		25DDF6B8220029E0003AF5E3 /* ButtonRow.swift */ = {isa = PBXFileReference; fileEncoding = 4; lastKnownFileType = sourcecode.swift; path = ButtonRow.swift; sourceTree = "<group>"; };
		25DDF6B9220029E0003AF5E3 /* ButtonRowWithPresent.swift */ = {isa = PBXFileReference; fileEncoding = 4; lastKnownFileType = sourcecode.swift; path = ButtonRowWithPresent.swift; sourceTree = "<group>"; };
		25DDF6BA220029E0003AF5E3 /* CheckRow.swift */ = {isa = PBXFileReference; fileEncoding = 4; lastKnownFileType = sourcecode.swift; path = CheckRow.swift; sourceTree = "<group>"; };
		25DDF6BC220029E0003AF5E3 /* AlertOptionsRow.swift */ = {isa = PBXFileReference; fileEncoding = 4; lastKnownFileType = sourcecode.swift; path = AlertOptionsRow.swift; sourceTree = "<group>"; };
		25DDF6BD220029E0003AF5E3 /* DateFieldRow.swift */ = {isa = PBXFileReference; fileEncoding = 4; lastKnownFileType = sourcecode.swift; path = DateFieldRow.swift; sourceTree = "<group>"; };
		25DDF6BE220029E0003AF5E3 /* DateInlineFieldRow.swift */ = {isa = PBXFileReference; fileEncoding = 4; lastKnownFileType = sourcecode.swift; path = DateInlineFieldRow.swift; sourceTree = "<group>"; };
		25DDF6BF220029E0003AF5E3 /* DecimalFormatter.swift */ = {isa = PBXFileReference; fileEncoding = 4; lastKnownFileType = sourcecode.swift; path = DecimalFormatter.swift; sourceTree = "<group>"; };
		25DDF6C0220029E0003AF5E3 /* FieldRow.swift */ = {isa = PBXFileReference; fileEncoding = 4; lastKnownFileType = sourcecode.swift; path = FieldRow.swift; sourceTree = "<group>"; };
		25DDF6C1220029E0003AF5E3 /* GenericMultipleSelectorRow.swift */ = {isa = PBXFileReference; fileEncoding = 4; lastKnownFileType = sourcecode.swift; path = GenericMultipleSelectorRow.swift; sourceTree = "<group>"; };
		25DDF6C2220029E0003AF5E3 /* OptionsRow.swift */ = {isa = PBXFileReference; fileEncoding = 4; lastKnownFileType = sourcecode.swift; path = OptionsRow.swift; sourceTree = "<group>"; };
		25DDF6C3220029E0003AF5E3 /* Protocols.swift */ = {isa = PBXFileReference; fileEncoding = 4; lastKnownFileType = sourcecode.swift; path = Protocols.swift; sourceTree = "<group>"; };
		25DDF6C4220029E0003AF5E3 /* SelectorRow.swift */ = {isa = PBXFileReference; fileEncoding = 4; lastKnownFileType = sourcecode.swift; path = SelectorRow.swift; sourceTree = "<group>"; };
		25DDF6C6220029E0003AF5E3 /* MultipleSelectorViewController.swift */ = {isa = PBXFileReference; fileEncoding = 4; lastKnownFileType = sourcecode.swift; path = MultipleSelectorViewController.swift; sourceTree = "<group>"; };
		25DDF6C7220029E0003AF5E3 /* SelectorAlertController.swift */ = {isa = PBXFileReference; fileEncoding = 4; lastKnownFileType = sourcecode.swift; path = SelectorAlertController.swift; sourceTree = "<group>"; };
		25DDF6C8220029E0003AF5E3 /* SelectorViewController.swift */ = {isa = PBXFileReference; fileEncoding = 4; lastKnownFileType = sourcecode.swift; path = SelectorViewController.swift; sourceTree = "<group>"; };
		25DDF6C9220029E0003AF5E3 /* DateInlineRow.swift */ = {isa = PBXFileReference; fileEncoding = 4; lastKnownFileType = sourcecode.swift; path = DateInlineRow.swift; sourceTree = "<group>"; };
		25DDF6CA220029E0003AF5E3 /* DatePickerRow.swift */ = {isa = PBXFileReference; fileEncoding = 4; lastKnownFileType = sourcecode.swift; path = DatePickerRow.swift; sourceTree = "<group>"; };
		25DDF6CB220029E0003AF5E3 /* DateRow.swift */ = {isa = PBXFileReference; fileEncoding = 4; lastKnownFileType = sourcecode.swift; path = DateRow.swift; sourceTree = "<group>"; };
		25DDF6CC220029E0003AF5E3 /* DoublePickerInputRow.swift */ = {isa = PBXFileReference; fileEncoding = 4; lastKnownFileType = sourcecode.swift; path = DoublePickerInputRow.swift; sourceTree = "<group>"; };
		25DDF6CD220029E0003AF5E3 /* DoublePickerRow.swift */ = {isa = PBXFileReference; fileEncoding = 4; lastKnownFileType = sourcecode.swift; path = DoublePickerRow.swift; sourceTree = "<group>"; };
		25DDF6CE220029E0003AF5E3 /* FieldsRow.swift */ = {isa = PBXFileReference; fileEncoding = 4; lastKnownFileType = sourcecode.swift; path = FieldsRow.swift; sourceTree = "<group>"; };
		25DDF6CF220029E0003AF5E3 /* LabelRow.swift */ = {isa = PBXFileReference; fileEncoding = 4; lastKnownFileType = sourcecode.swift; path = LabelRow.swift; sourceTree = "<group>"; };
		25DDF6D0220029E0003AF5E3 /* MultipleSelectorRow.swift */ = {isa = PBXFileReference; fileEncoding = 4; lastKnownFileType = sourcecode.swift; path = MultipleSelectorRow.swift; sourceTree = "<group>"; };
		25DDF6D1220029E0003AF5E3 /* PickerInlineRow.swift */ = {isa = PBXFileReference; fileEncoding = 4; lastKnownFileType = sourcecode.swift; path = PickerInlineRow.swift; sourceTree = "<group>"; };
		25DDF6D2220029E0003AF5E3 /* PickerInputRow.swift */ = {isa = PBXFileReference; fileEncoding = 4; lastKnownFileType = sourcecode.swift; path = PickerInputRow.swift; sourceTree = "<group>"; };
		25DDF6D3220029E0003AF5E3 /* PickerRow.swift */ = {isa = PBXFileReference; fileEncoding = 4; lastKnownFileType = sourcecode.swift; path = PickerRow.swift; sourceTree = "<group>"; };
		25DDF6D4220029E0003AF5E3 /* PopoverSelectorRow.swift */ = {isa = PBXFileReference; fileEncoding = 4; lastKnownFileType = sourcecode.swift; path = PopoverSelectorRow.swift; sourceTree = "<group>"; };
		25DDF6D5220029E0003AF5E3 /* PushRow.swift */ = {isa = PBXFileReference; fileEncoding = 4; lastKnownFileType = sourcecode.swift; path = PushRow.swift; sourceTree = "<group>"; };
		25DDF6D6220029E0003AF5E3 /* SegmentedRow.swift */ = {isa = PBXFileReference; fileEncoding = 4; lastKnownFileType = sourcecode.swift; path = SegmentedRow.swift; sourceTree = "<group>"; };
		25DDF6D8220029E0003AF5E3 /* ListCheckRow.swift */ = {isa = PBXFileReference; fileEncoding = 4; lastKnownFileType = sourcecode.swift; path = ListCheckRow.swift; sourceTree = "<group>"; };
		25DDF6D9220029E0003AF5E3 /* SliderRow.swift */ = {isa = PBXFileReference; fileEncoding = 4; lastKnownFileType = sourcecode.swift; path = SliderRow.swift; sourceTree = "<group>"; };
		25DDF6DA220029E0003AF5E3 /* StepperRow.swift */ = {isa = PBXFileReference; fileEncoding = 4; lastKnownFileType = sourcecode.swift; path = StepperRow.swift; sourceTree = "<group>"; };
		25DDF6DB220029E0003AF5E3 /* SwitchRow.swift */ = {isa = PBXFileReference; fileEncoding = 4; lastKnownFileType = sourcecode.swift; path = SwitchRow.swift; sourceTree = "<group>"; };
		25DDF6DC220029E0003AF5E3 /* TextAreaRow.swift */ = {isa = PBXFileReference; fileEncoding = 4; lastKnownFileType = sourcecode.swift; path = TextAreaRow.swift; sourceTree = "<group>"; };
		25DDF6DD220029E0003AF5E3 /* TriplePickerInputRow.swift */ = {isa = PBXFileReference; fileEncoding = 4; lastKnownFileType = sourcecode.swift; path = TriplePickerInputRow.swift; sourceTree = "<group>"; };
		25DDF6DE220029E0003AF5E3 /* TriplePickerRow.swift */ = {isa = PBXFileReference; fileEncoding = 4; lastKnownFileType = sourcecode.swift; path = TriplePickerRow.swift; sourceTree = "<group>"; };
		25DDF6E0220029E0003AF5E3 /* RuleClosure.swift */ = {isa = PBXFileReference; fileEncoding = 4; lastKnownFileType = sourcecode.swift; path = RuleClosure.swift; sourceTree = "<group>"; };
		25DDF6E1220029E0003AF5E3 /* RuleEmail.swift */ = {isa = PBXFileReference; fileEncoding = 4; lastKnownFileType = sourcecode.swift; path = RuleEmail.swift; sourceTree = "<group>"; };
		25DDF6E2220029E0003AF5E3 /* RuleEqualsToRow.swift */ = {isa = PBXFileReference; fileEncoding = 4; lastKnownFileType = sourcecode.swift; path = RuleEqualsToRow.swift; sourceTree = "<group>"; };
		25DDF6E3220029E0003AF5E3 /* RuleLength.swift */ = {isa = PBXFileReference; fileEncoding = 4; lastKnownFileType = sourcecode.swift; path = RuleLength.swift; sourceTree = "<group>"; };
		25DDF6E4220029E0003AF5E3 /* RuleRange.swift */ = {isa = PBXFileReference; fileEncoding = 4; lastKnownFileType = sourcecode.swift; path = RuleRange.swift; sourceTree = "<group>"; };
		25DDF6E5220029E0003AF5E3 /* RuleRegExp.swift */ = {isa = PBXFileReference; fileEncoding = 4; lastKnownFileType = sourcecode.swift; path = RuleRegExp.swift; sourceTree = "<group>"; };
		25DDF6E6220029E0003AF5E3 /* RuleRequired.swift */ = {isa = PBXFileReference; fileEncoding = 4; lastKnownFileType = sourcecode.swift; path = RuleRequired.swift; sourceTree = "<group>"; };
		25DDF6E7220029E0003AF5E3 /* RuleURL.swift */ = {isa = PBXFileReference; fileEncoding = 4; lastKnownFileType = sourcecode.swift; path = RuleURL.swift; sourceTree = "<group>"; };
		25DDF72F22002A96003AF5E3 /* FindPlaceRequest.swift */ = {isa = PBXFileReference; fileEncoding = 4; lastKnownFileType = sourcecode.swift; path = FindPlaceRequest.swift; sourceTree = "<group>"; };
		25DDF73122002A96003AF5E3 /* HeadingRequest.swift */ = {isa = PBXFileReference; fileEncoding = 4; lastKnownFileType = sourcecode.swift; path = HeadingRequest.swift; sourceTree = "<group>"; };
		25DDF73222002A96003AF5E3 /* IPLocationRequest.swift */ = {isa = PBXFileReference; fileEncoding = 4; lastKnownFileType = sourcecode.swift; path = IPLocationRequest.swift; sourceTree = "<group>"; };
		25DDF73322002A96003AF5E3 /* LocationRequest.swift */ = {isa = PBXFileReference; fileEncoding = 4; lastKnownFileType = sourcecode.swift; path = LocationRequest.swift; sourceTree = "<group>"; };
		25DDF73422002A96003AF5E3 /* Locator.swift */ = {isa = PBXFileReference; fileEncoding = 4; lastKnownFileType = sourcecode.swift; path = Locator.swift; sourceTree = "<group>"; };
		25DDF73522002A96003AF5E3 /* Shared.swift */ = {isa = PBXFileReference; fileEncoding = 4; lastKnownFileType = sourcecode.swift; path = Shared.swift; sourceTree = "<group>"; };
		25DDF74222002ACD003AF5E3 /* SKToastView.swift */ = {isa = PBXFileReference; fileEncoding = 4; lastKnownFileType = sourcecode.swift; path = SKToastView.swift; sourceTree = "<group>"; };
		25DDF74622002B1F003AF5E3 /* CoreLocation.framework */ = {isa = PBXFileReference; lastKnownFileType = wrapper.framework; name = CoreLocation.framework; path = System/Library/Frameworks/CoreLocation.framework; sourceTree = SDKROOT; };
		25DDF74822002D97003AF5E3 /* SwiftyPing.swift */ = {isa = PBXFileReference; fileEncoding = 4; lastKnownFileType = sourcecode.swift; name = SwiftyPing.swift; path = "ThirdParty/SwiftyPing-master/SwiftyPing.swift"; sourceTree = "<group>"; };
		25DDF74A22002E00003AF5E3 /* PreviewView.swift */ = {isa = PBXFileReference; fileEncoding = 4; lastKnownFileType = sourcecode.swift; name = PreviewView.swift; path = "ThirdParty/AppleFaceDetection-master/VisionDetection/PreviewView.swift"; sourceTree = "<group>"; };
		25DDF7512200C9C6003AF5E3 /* RFAboutViewCloseX.png */ = {isa = PBXFileReference; lastKnownFileType = image.png; path = RFAboutViewCloseX.png; sourceTree = "<group>"; };
		25DDF7522200C9C6003AF5E3 /* RFAboutViewCloseX@2x.png */ = {isa = PBXFileReference; lastKnownFileType = image.png; path = "RFAboutViewCloseX@2x.png"; sourceTree = "<group>"; };
		25DDF7532200C9C6003AF5E3 /* RFAboutViewCloseX@3x.png */ = {isa = PBXFileReference; lastKnownFileType = image.png; path = "RFAboutViewCloseX@3x.png"; sourceTree = "<group>"; };
		25DDF7552200C9C6003AF5E3 /* RFAboutView.swift */ = {isa = PBXFileReference; fileEncoding = 4; lastKnownFileType = sourcecode.swift; path = RFAboutView.swift; sourceTree = "<group>"; };
		25DDF7562200C9C6003AF5E3 /* RFAboutViewDetailViewController.swift */ = {isa = PBXFileReference; fileEncoding = 4; lastKnownFileType = sourcecode.swift; path = RFAboutViewDetailViewController.swift; sourceTree = "<group>"; };
		25DDF7572200C9C6003AF5E3 /* UIViewController+sizeForPercent.swift */ = {isa = PBXFileReference; fileEncoding = 4; lastKnownFileType = sourcecode.swift; path = "UIViewController+sizeForPercent.swift"; sourceTree = "<group>"; };
		607FACD01AFB9204008FA782 /* MatchingEngineSDK_Example.app */ = {isa = PBXFileReference; explicitFileType = wrapper.application; includeInIndex = 0; path = MatchingEngineSDK_Example.app; sourceTree = BUILT_PRODUCTS_DIR; };
		607FACD41AFB9204008FA782 /* Info.plist */ = {isa = PBXFileReference; lastKnownFileType = text.plist.xml; path = Info.plist; sourceTree = "<group>"; };
		607FACD51AFB9204008FA782 /* AppDelegate.swift */ = {isa = PBXFileReference; lastKnownFileType = sourcecode.swift; path = AppDelegate.swift; sourceTree = "<group>"; };
		607FACD71AFB9204008FA782 /* ViewController.swift */ = {isa = PBXFileReference; lastKnownFileType = sourcecode.swift; path = ViewController.swift; sourceTree = "<group>"; };
		607FACDA1AFB9204008FA782 /* Base */ = {isa = PBXFileReference; lastKnownFileType = file.storyboard; name = Base; path = Base.lproj/Main.storyboard; sourceTree = "<group>"; };
		607FACDC1AFB9204008FA782 /* Images.xcassets */ = {isa = PBXFileReference; lastKnownFileType = folder.assetcatalog; path = Images.xcassets; sourceTree = "<group>"; };
		607FACE51AFB9204008FA782 /* MatchingEngineSDK_Tests.xctest */ = {isa = PBXFileReference; explicitFileType = wrapper.cfbundle; includeInIndex = 0; path = MatchingEngineSDK_Tests.xctest; sourceTree = BUILT_PRODUCTS_DIR; };
		607FACEA1AFB9204008FA782 /* Info.plist */ = {isa = PBXFileReference; lastKnownFileType = text.plist.xml; path = Info.plist; sourceTree = "<group>"; };
		607FACEB1AFB9204008FA782 /* Tests.swift */ = {isa = PBXFileReference; lastKnownFileType = sourcecode.swift; path = Tests.swift; sourceTree = "<group>"; };
		7405090AC8162F6DD26B4FC2 /* Pods-MatchingEngineSDK_Example.release.xcconfig */ = {isa = PBXFileReference; includeInIndex = 1; lastKnownFileType = text.xcconfig; name = "Pods-MatchingEngineSDK_Example.release.xcconfig"; path = "Pods/Target Support Files/Pods-MatchingEngineSDK_Example/Pods-MatchingEngineSDK_Example.release.xcconfig"; sourceTree = "<group>"; };
		BB2C2DBD2774F9A6E5309D20 /* README.md */ = {isa = PBXFileReference; includeInIndex = 1; lastKnownFileType = net.daringfireball.markdown; name = README.md; path = ../README.md; sourceTree = "<group>"; };
		C8532BAE66F86211C21C1D2E /* MatchingEngineSDK.podspec */ = {isa = PBXFileReference; includeInIndex = 1; lastKnownFileType = text; name = MatchingEngineSDK.podspec; path = ../MatchingEngineSDK.podspec; sourceTree = "<group>"; };
		D1A8E0BD0A189BB0A81E9087 /* Pods_MatchingEngineSDK_Tests.framework */ = {isa = PBXFileReference; explicitFileType = wrapper.framework; includeInIndex = 0; path = Pods_MatchingEngineSDK_Tests.framework; sourceTree = BUILT_PRODUCTS_DIR; };
		EAD7F705A8673F63A86065AF /* Pods_MatchingEngineSDK_Example.framework */ = {isa = PBXFileReference; explicitFileType = wrapper.framework; includeInIndex = 0; path = Pods_MatchingEngineSDK_Example.framework; sourceTree = BUILT_PRODUCTS_DIR; };
/* End PBXFileReference section */

/* Begin PBXFrameworksBuildPhase section */
		607FACCD1AFB9204008FA782 /* Frameworks */ = {
			isa = PBXFrameworksBuildPhase;
			buildActionMask = 2147483647;
			files = (
				25DDF74722002B1F003AF5E3 /* CoreLocation.framework in Frameworks */,
				F4C4530BEE43560B73E3CBFA /* Pods_MatchingEngineSDK_Example.framework in Frameworks */,
			);
			runOnlyForDeploymentPostprocessing = 0;
		};
		607FACE21AFB9204008FA782 /* Frameworks */ = {
			isa = PBXFrameworksBuildPhase;
			buildActionMask = 2147483647;
			files = (
			);
			runOnlyForDeploymentPostprocessing = 0;
		};
/* End PBXFrameworksBuildPhase section */

/* Begin PBXGroup section */
		25DDF5FF22001793003AF5E3 /* Classes */ = {
			isa = PBXGroup;
			children = (
				25DDF60022001793003AF5E3 /* Cloudlet.swift */,
				25DDF60122001793003AF5E3 /* CloudletDetailsViewController.swift */,
				25DDF60222001793003AF5E3 /* CloudletListHolder.swift */,
				25DDF60322001793003AF5E3 /* FaceDetectionViewController.swift */,
				25DDF60422001793003AF5E3 /* LeftSideMenu */,
				25DDF61322001793003AF5E3 /* Mex.utitities.swift */,
				25DDF61422001793003AF5E3 /* ViewControllers */,
			);
			path = Classes;
			sourceTree = "<group>";
		};
		25DDF60422001793003AF5E3 /* LeftSideMenu */ = {
			isa = PBXGroup;
			children = (
				25DDF60522001793003AF5E3 /* EnhancedNetworkLocationServicesViewController.swift */,
				25DDF60622001793003AF5E3 /* FaceDectectionSettingsViewController.swift */,
				25DDF60722001793003AF5E3 /* GeneralSettingsViewController.swift */,
				25DDF60822001793003AF5E3 /* images */,
				25DDF61022001793003AF5E3 /* SettingsViewController.swift */,
				25DDF61122001793003AF5E3 /* SideMenuViewController.swift */,
				25DDF61222001793003AF5E3 /* SpeedTestSettingsViewController.swift */,
			);
			path = LeftSideMenu;
			sourceTree = "<group>";
		};
		25DDF60822001793003AF5E3 /* images */ = {
			isa = PBXGroup;
			children = (
				25DDF60922001793003AF5E3 /* About.png */,
				25DDF60A22001793003AF5E3 /* Cog_font_awesome copy.png */,
				25DDF60B22001793003AF5E3 /* Cog_font_awesome.png */,
				25DDF60C22001793003AF5E3 /* g-logo copy.png */,
				25DDF60D22001793003AF5E3 /* g-logo.png */,
				25DDF60E22001793003AF5E3 /* ios11-control-center-camera-icon.png */,
				25DDF60F22001793003AF5E3 /* menu-512.png */,
			);
			path = images;
			sourceTree = "<group>";
		};
		25DDF61422001793003AF5E3 /* ViewControllers */ = {
			isa = PBXGroup;
			children = (
				25DDF61522001793003AF5E3 /* PermissionViewController.swift */,
				25A067D92202366500626184 /* Permissions.storyboard */,
			);
			path = ViewControllers;
			sourceTree = "<group>";
		};
		25DDF6292200238E003AF5E3 /* Resources */ = {
			isa = PBXGroup;
			children = (
				25DDF62A2200238E003AF5E3 /* Acknowledgements.plist */,
				25DDF62B2200238E003AF5E3 /* certs */,
				25DDF6372200238E003AF5E3 /* Images */,
			);
			path = Resources;
			sourceTree = "<group>";
		};
		25DDF62B2200238E003AF5E3 /* certs */ = {
			isa = PBXGroup;
			children = (
				25DDF62C2200238E003AF5E3 /* mex-ca.crt */,
				25DDF62D2200238E003AF5E3 /* mex-ca.der */,
				25DDF62E2200238E003AF5E3 /* mex-client copy.key */,
				25DDF62F2200238E003AF5E3 /* mex-client.crt */,
				25DDF6302200238E003AF5E3 /* mex-client.der */,
				25DDF6312200238E003AF5E3 /* mex-client.key */,
				25DDF6322200238E003AF5E3 /* mex-clientkey.der */,
			);
			path = certs;
			sourceTree = "<group>";
		};
		25DDF6372200238E003AF5E3 /* Images */ = {
			isa = PBXGroup;
			children = (
				25DDF6382200238E003AF5E3 /* dot-menu@2x.png */,
				25DDF6392200238E003AF5E3 /* dot-menu@3x.png */,
				25DDF63A2200238E003AF5E3 /* ic_action_find_cloudlets.png */,
				25DDF63B2200238E003AF5E3 /* ic_launcher-web.102.png */,
				25DDF63C2200238E003AF5E3 /* ic_launcher-web.1024.png */,
				25DDF63D2200238E003AF5E3 /* ic_launcher-web.180.png */,
				25DDF63E2200238E003AF5E3 /* ic_launcher-web.76.png */,
				25DDF63F2200238E003AF5E3 /* ic_launcher-web.83.png */,
				25DDF6402200238E003AF5E3 /* ic_launcher-web.png */,
				25DDF6412200238E003AF5E3 /* ic_marker_cloudlet-web.png */,
				25DDF6422200238E003AF5E3 /* ic_marker_mobile-web.png */,
				25DDF6432200238E003AF5E3 /* ic_menu_camera.png */,
				25DDF6442200238E003AF5E3 /* ic_menu_compass.png */,
				25DDF6452200238F003AF5E3 /* ic_menu_preferences.png */,
				25DDF6462200238F003AF5E3 /* ic_menu_recent_history.png */,
			);
			path = Images;
			sourceTree = "<group>";
		};
		25DDF662220023E4003AF5E3 /* ThirdParty */ = {
			isa = PBXGroup;
			children = (
				25478331220A333F00991177 /* ExtensionVars.swift */,
				2547832F220A327500991177 /* OSAtomicInt.swift */,
				25A067CE2200F1C200626184 /* CMSampleBufferExtension.swift */,
				25DDF74C2200C9C6003AF5E3 /* RFAboutView-Swift */,
				25DDF74A22002E00003AF5E3 /* PreviewView.swift */,
				25DDF74822002D97003AF5E3 /* SwiftyPing.swift */,
				25DDF73D22002ACD003AF5E3 /* SKToast */,
				25DDF72E22002A96003AF5E3 /* Sources */,
				25DDF72D220029E7003AF5E3 /* Eureka */,
				25DDF68B220029AD003AF5E3 /* CircularSpinner */,
				25DDF66D2200265B003AF5E3 /* DropDown */,
			);
			name = ThirdParty;
			sourceTree = "<group>";
		};
		25DDF66D2200265B003AF5E3 /* DropDown */ = {
			isa = PBXGroup;
			children = (
				25DDF66E2200265B003AF5E3 /* DropDown.h */,
				25DDF66F2200265B003AF5E3 /* helpers */,
				25DDF6732200265B003AF5E3 /* Info.plist */,
				25DDF6742200265B003AF5E3 /* resources */,
				25DDF6762200265B003AF5E3 /* src */,
			);
			name = DropDown;
			path = "ThirdParty/DropDown-master/DropDown";
			sourceTree = "<group>";
		};
		25DDF66F2200265B003AF5E3 /* helpers */ = {
			isa = PBXGroup;
			children = (
				25DDF6702200265B003AF5E3 /* DPDConstants.swift */,
				25DDF6712200265B003AF5E3 /* DPDKeyboardListener.swift */,
				25DDF6722200265B003AF5E3 /* DPDUIView+Extension.swift */,
			);
			path = helpers;
			sourceTree = "<group>";
		};
		25DDF6742200265B003AF5E3 /* resources */ = {
			isa = PBXGroup;
			children = (
				25DDF6752200265B003AF5E3 /* DropDownCell.xib */,
			);
			path = resources;
			sourceTree = "<group>";
		};
		25DDF6762200265B003AF5E3 /* src */ = {
			isa = PBXGroup;
			children = (
				25DDF6772200265B003AF5E3 /* DropDown+Appearance.swift */,
				25DDF6782200265B003AF5E3 /* DropDown.swift */,
				25DDF6792200265B003AF5E3 /* DropDownCell.swift */,
			);
			path = src;
			sourceTree = "<group>";
		};
		25DDF68B220029AD003AF5E3 /* CircularSpinner */ = {
			isa = PBXGroup;
			children = (
				25DDF68C220029AD003AF5E3 /* Assets */,
				25DDF690220029AD003AF5E3 /* Classes */,
			);
			name = CircularSpinner;
			path = "ThirdParty/CircularSpinner-master/CircularSpinner";
			sourceTree = "<group>";
		};
		25DDF68C220029AD003AF5E3 /* Assets */ = {
			isa = PBXGroup;
			children = (
				25DDF68E220029AD003AF5E3 /* x_darkGray@2x.png */,
				25DDF68F220029AD003AF5E3 /* x_darkGray@3x.png */,
			);
			path = Assets;
			sourceTree = "<group>";
		};
		25DDF690220029AD003AF5E3 /* Classes */ = {
			isa = PBXGroup;
			children = (
				25DDF692220029AD003AF5E3 /* CircularSpinner.swift */,
				25DDF693220029AD003AF5E3 /* CircularSpinner.xib */,
			);
			path = Classes;
			sourceTree = "<group>";
		};
		25DDF69A220029DF003AF5E3 /* Source */ = {
			isa = PBXGroup;
			children = (
				25DDF69B220029DF003AF5E3 /* Assets.xcassets */,
				25DDF69C220029DF003AF5E3 /* Core */,
				25DDF6B1220029E0003AF5E3 /* Eureka.h */,
				25DDF6B2220029E0003AF5E3 /* Info.plist */,
				25DDF6B3220029E0003AF5E3 /* Resources */,
				25DDF6B5220029E0003AF5E3 /* Rows */,
				25DDF6DF220029E0003AF5E3 /* Validations */,
			);
			path = Source;
			sourceTree = "<group>";
		};
		25DDF69C220029DF003AF5E3 /* Core */ = {
			isa = PBXGroup;
			children = (
				25DDF69D220029DF003AF5E3 /* BaseRow.swift */,
				25DDF69E220029DF003AF5E3 /* Cell.swift */,
				25DDF69F220029DF003AF5E3 /* CellType.swift */,
				25DDF6A0220029DF003AF5E3 /* Core.swift */,
				25DDF6A1220029DF003AF5E3 /* Form.swift */,
				25DDF6A2220029DF003AF5E3 /* HeaderFooterView.swift */,
				25DDF6A3220029DF003AF5E3 /* Helpers.swift */,
				25DDF6A4220029DF003AF5E3 /* InlineRowType.swift */,
				25DDF6A5220029DF003AF5E3 /* NavigationAccessoryView.swift */,
				25DDF6A6220029DF003AF5E3 /* Operators.swift */,
				25DDF6A7220029DF003AF5E3 /* PresenterRowType.swift */,
				25DDF6A8220029DF003AF5E3 /* Row.swift */,
				25DDF6A9220029DF003AF5E3 /* RowControllerType.swift */,
				25DDF6AA220029E0003AF5E3 /* RowProtocols.swift */,
				25DDF6AB220029E0003AF5E3 /* RowType.swift */,
				25DDF6AC220029E0003AF5E3 /* Section.swift */,
				25DDF6AD220029E0003AF5E3 /* SelectableRowType.swift */,
				25DDF6AE220029E0003AF5E3 /* SelectableSection.swift */,
				25DDF6AF220029E0003AF5E3 /* SwipeActions.swift */,
				25DDF6B0220029E0003AF5E3 /* Validation.swift */,
			);
			path = Core;
			sourceTree = "<group>";
		};
		25DDF6B3220029E0003AF5E3 /* Resources */ = {
			isa = PBXGroup;
			children = (
				25DDF6B4220029E0003AF5E3 /* Eureka.bundle */,
			);
			path = Resources;
			sourceTree = "<group>";
		};
		25DDF6B5220029E0003AF5E3 /* Rows */ = {
			isa = PBXGroup;
			children = (
				25DDF6B6220029E0003AF5E3 /* ActionSheetRow.swift */,
				25DDF6B7220029E0003AF5E3 /* AlertRow.swift */,
				25DDF6B8220029E0003AF5E3 /* ButtonRow.swift */,
				25DDF6B9220029E0003AF5E3 /* ButtonRowWithPresent.swift */,
				25DDF6BA220029E0003AF5E3 /* CheckRow.swift */,
				25DDF6BB220029E0003AF5E3 /* Common */,
				25DDF6C5220029E0003AF5E3 /* Controllers */,
				25DDF6C9220029E0003AF5E3 /* DateInlineRow.swift */,
				25DDF6CA220029E0003AF5E3 /* DatePickerRow.swift */,
				25DDF6CB220029E0003AF5E3 /* DateRow.swift */,
				25DDF6CC220029E0003AF5E3 /* DoublePickerInputRow.swift */,
				25DDF6CD220029E0003AF5E3 /* DoublePickerRow.swift */,
				25DDF6CE220029E0003AF5E3 /* FieldsRow.swift */,
				25DDF6CF220029E0003AF5E3 /* LabelRow.swift */,
				25DDF6D0220029E0003AF5E3 /* MultipleSelectorRow.swift */,
				25DDF6D1220029E0003AF5E3 /* PickerInlineRow.swift */,
				25DDF6D2220029E0003AF5E3 /* PickerInputRow.swift */,
				25DDF6D3220029E0003AF5E3 /* PickerRow.swift */,
				25DDF6D4220029E0003AF5E3 /* PopoverSelectorRow.swift */,
				25DDF6D5220029E0003AF5E3 /* PushRow.swift */,
				25DDF6D6220029E0003AF5E3 /* SegmentedRow.swift */,
				25DDF6D7220029E0003AF5E3 /* SelectableRows */,
				25DDF6D9220029E0003AF5E3 /* SliderRow.swift */,
				25DDF6DA220029E0003AF5E3 /* StepperRow.swift */,
				25DDF6DB220029E0003AF5E3 /* SwitchRow.swift */,
				25DDF6DC220029E0003AF5E3 /* TextAreaRow.swift */,
				25DDF6DD220029E0003AF5E3 /* TriplePickerInputRow.swift */,
				25DDF6DE220029E0003AF5E3 /* TriplePickerRow.swift */,
			);
			path = Rows;
			sourceTree = "<group>";
		};
		25DDF6BB220029E0003AF5E3 /* Common */ = {
			isa = PBXGroup;
			children = (
				25DDF6BC220029E0003AF5E3 /* AlertOptionsRow.swift */,
				25DDF6BD220029E0003AF5E3 /* DateFieldRow.swift */,
				25DDF6BE220029E0003AF5E3 /* DateInlineFieldRow.swift */,
				25DDF6BF220029E0003AF5E3 /* DecimalFormatter.swift */,
				25DDF6C0220029E0003AF5E3 /* FieldRow.swift */,
				25DDF6C1220029E0003AF5E3 /* GenericMultipleSelectorRow.swift */,
				25DDF6C2220029E0003AF5E3 /* OptionsRow.swift */,
				25DDF6C3220029E0003AF5E3 /* Protocols.swift */,
				25DDF6C4220029E0003AF5E3 /* SelectorRow.swift */,
			);
			path = Common;
			sourceTree = "<group>";
		};
		25DDF6C5220029E0003AF5E3 /* Controllers */ = {
			isa = PBXGroup;
			children = (
				25DDF6C6220029E0003AF5E3 /* MultipleSelectorViewController.swift */,
				25DDF6C7220029E0003AF5E3 /* SelectorAlertController.swift */,
				25DDF6C8220029E0003AF5E3 /* SelectorViewController.swift */,
			);
			path = Controllers;
			sourceTree = "<group>";
		};
		25DDF6D7220029E0003AF5E3 /* SelectableRows */ = {
			isa = PBXGroup;
			children = (
				25DDF6D8220029E0003AF5E3 /* ListCheckRow.swift */,
			);
			path = SelectableRows;
			sourceTree = "<group>";
		};
		25DDF6DF220029E0003AF5E3 /* Validations */ = {
			isa = PBXGroup;
			children = (
				25DDF6E0220029E0003AF5E3 /* RuleClosure.swift */,
				25DDF6E1220029E0003AF5E3 /* RuleEmail.swift */,
				25DDF6E2220029E0003AF5E3 /* RuleEqualsToRow.swift */,
				25DDF6E3220029E0003AF5E3 /* RuleLength.swift */,
				25DDF6E4220029E0003AF5E3 /* RuleRange.swift */,
				25DDF6E5220029E0003AF5E3 /* RuleRegExp.swift */,
				25DDF6E6220029E0003AF5E3 /* RuleRequired.swift */,
				25DDF6E7220029E0003AF5E3 /* RuleURL.swift */,
			);
			path = Validations;
			sourceTree = "<group>";
		};
		25DDF72D220029E7003AF5E3 /* Eureka */ = {
			isa = PBXGroup;
			children = (
				25DDF69A220029DF003AF5E3 /* Source */,
			);
			name = Eureka;
			path = Resources/certs;
			sourceTree = "<group>";
		};
		25DDF72E22002A96003AF5E3 /* Sources */ = {
			isa = PBXGroup;
			children = (
				25DDF72F22002A96003AF5E3 /* FindPlaceRequest.swift */,
				25DDF73122002A96003AF5E3 /* HeadingRequest.swift */,
				25DDF73222002A96003AF5E3 /* IPLocationRequest.swift */,
				25DDF73322002A96003AF5E3 /* LocationRequest.swift */,
				25DDF73422002A96003AF5E3 /* Locator.swift */,
				25DDF73522002A96003AF5E3 /* Shared.swift */,
			);
			name = Sources;
			path = "ThirdParty/SwiftLocation-master/Sources";
			sourceTree = "<group>";
		};
		25DDF73D22002ACD003AF5E3 /* SKToast */ = {
			isa = PBXGroup;
			children = (
				25DDF73E22002ACD003AF5E3 /* Assets */,
				25DDF74022002ACD003AF5E3 /* Classes */,
			);
			name = SKToast;
			path = "ThirdParty/SKToast-master/SKToast";
			sourceTree = "<group>";
		};
		25DDF73E22002ACD003AF5E3 /* Assets */ = {
			isa = PBXGroup;
			children = (
			);
			path = Assets;
			sourceTree = "<group>";
		};
		25DDF74022002ACD003AF5E3 /* Classes */ = {
			isa = PBXGroup;
			children = (
				25DDF74222002ACD003AF5E3 /* SKToastView.swift */,
			);
			path = Classes;
			sourceTree = "<group>";
		};
		25DDF74C2200C9C6003AF5E3 /* RFAboutView-Swift */ = {
			isa = PBXGroup;
			children = (
				25DDF74F2200C9C6003AF5E3 /* WasPod */,
			);
			name = "RFAboutView-Swift";
			path = "ThirdParty/RFAboutView-Swift";
			sourceTree = "<group>";
		};
		25DDF74F2200C9C6003AF5E3 /* WasPod */ = {
			isa = PBXGroup;
			children = (
				25DDF7502200C9C6003AF5E3 /* Assets */,
				25DDF7542200C9C6003AF5E3 /* Classes */,
			);
			path = WasPod;
			sourceTree = "<group>";
		};
		25DDF7502200C9C6003AF5E3 /* Assets */ = {
			isa = PBXGroup;
			children = (
				25DDF7512200C9C6003AF5E3 /* RFAboutViewCloseX.png */,
				25DDF7522200C9C6003AF5E3 /* RFAboutViewCloseX@2x.png */,
				25DDF7532200C9C6003AF5E3 /* RFAboutViewCloseX@3x.png */,
			);
			path = Assets;
			sourceTree = "<group>";
		};
		25DDF7542200C9C6003AF5E3 /* Classes */ = {
			isa = PBXGroup;
			children = (
				25DDF7552200C9C6003AF5E3 /* RFAboutView.swift */,
				25DDF7562200C9C6003AF5E3 /* RFAboutViewDetailViewController.swift */,
				25DDF7572200C9C6003AF5E3 /* UIViewController+sizeForPercent.swift */,
			);
			path = Classes;
			sourceTree = "<group>";
		};
		607FACC71AFB9204008FA782 = {
			isa = PBXGroup;
			children = (
				607FACF51AFB993E008FA782 /* Podspec Metadata */,
				607FACD21AFB9204008FA782 /* Example for MatchingEngineSDK */,
				607FACE81AFB9204008FA782 /* Tests */,
				607FACD11AFB9204008FA782 /* Products */,
				7CFC1523142AD7155899188A /* Pods */,
				76858741B7EB0BC259634EA0 /* Frameworks */,
			);
			sourceTree = "<group>";
		};
		607FACD11AFB9204008FA782 /* Products */ = {
			isa = PBXGroup;
			children = (
				607FACD01AFB9204008FA782 /* MatchingEngineSDK_Example.app */,
				607FACE51AFB9204008FA782 /* MatchingEngineSDK_Tests.xctest */,
			);
			name = Products;
			sourceTree = "<group>";
		};
		607FACD21AFB9204008FA782 /* Example for MatchingEngineSDK */ = {
			isa = PBXGroup;
			children = (
				607FACD51AFB9204008FA782 /* AppDelegate.swift */,
				607FACD71AFB9204008FA782 /* ViewController.swift */,
				25A067CC2200EBA300626184 /* Sample_client.swift */,
				607FACD91AFB9204008FA782 /* Main.storyboard */,
				25DDF5FF22001793003AF5E3 /* Classes */,
				25DDF6292200238E003AF5E3 /* Resources */,
				25DDF662220023E4003AF5E3 /* ThirdParty */,
				607FACDC1AFB9204008FA782 /* Images.xcassets */,
				25A067D622021CED00626184 /* LaunchScreen.storyboard */,
				607FACD31AFB9204008FA782 /* Supporting Files */,
			);
			name = "Example for MatchingEngineSDK";
			path = MatchingEngineSDK;
			sourceTree = "<group>";
		};
		607FACD31AFB9204008FA782 /* Supporting Files */ = {
			isa = PBXGroup;
			children = (
				607FACD41AFB9204008FA782 /* Info.plist */,
			);
			name = "Supporting Files";
			sourceTree = "<group>";
		};
		607FACE81AFB9204008FA782 /* Tests */ = {
			isa = PBXGroup;
			children = (
				607FACEB1AFB9204008FA782 /* Tests.swift */,
				607FACE91AFB9204008FA782 /* Supporting Files */,
			);
			path = Tests;
			sourceTree = "<group>";
		};
		607FACE91AFB9204008FA782 /* Supporting Files */ = {
			isa = PBXGroup;
			children = (
				607FACEA1AFB9204008FA782 /* Info.plist */,
			);
			name = "Supporting Files";
			sourceTree = "<group>";
		};
		607FACF51AFB993E008FA782 /* Podspec Metadata */ = {
			isa = PBXGroup;
			children = (
				C8532BAE66F86211C21C1D2E /* MatchingEngineSDK.podspec */,
				BB2C2DBD2774F9A6E5309D20 /* README.md */,
				0B5C1FDA2F3805D8FF67DC77 /* LICENSE */,
			);
			name = "Podspec Metadata";
			sourceTree = "<group>";
		};
		76858741B7EB0BC259634EA0 /* Frameworks */ = {
			isa = PBXGroup;
			children = (
				25A067D02200FE6400626184 /* MatchingEngineSDK.framework */,
				25DDF74622002B1F003AF5E3 /* CoreLocation.framework */,
				EAD7F705A8673F63A86065AF /* Pods_MatchingEngineSDK_Example.framework */,
				D1A8E0BD0A189BB0A81E9087 /* Pods_MatchingEngineSDK_Tests.framework */,
			);
			name = Frameworks;
			sourceTree = "<group>";
		};
		7CFC1523142AD7155899188A /* Pods */ = {
			isa = PBXGroup;
			children = (
				0ED8B696923D673B04828D51 /* Pods-MatchingEngineSDK_Example.debug.xcconfig */,
				7405090AC8162F6DD26B4FC2 /* Pods-MatchingEngineSDK_Example.release.xcconfig */,
			);
			name = Pods;
			sourceTree = "<group>";
		};
/* End PBXGroup section */

/* Begin PBXNativeTarget section */
		607FACCF1AFB9204008FA782 /* MatchingEngineSDK_Example */ = {
			isa = PBXNativeTarget;
			buildConfigurationList = 607FACEF1AFB9204008FA782 /* Build configuration list for PBXNativeTarget "MatchingEngineSDK_Example" */;
			buildPhases = (
				2E82864050CD595A009D1EF2 /* [CP] Check Pods Manifest.lock */,
				607FACCC1AFB9204008FA782 /* Sources */,
				607FACCD1AFB9204008FA782 /* Frameworks */,
				607FACCE1AFB9204008FA782 /* Resources */,
				A6F4718743BBF3851C3F13AE /* [CP] Embed Pods Frameworks */,
				28CE2807EC0D1E95AEE5640B /* [CP] Copy Pods Resources */,
			);
			buildRules = (
			);
			dependencies = (
			);
			name = MatchingEngineSDK_Example;
			productName = MatchingEngineSDK;
			productReference = 607FACD01AFB9204008FA782 /* MatchingEngineSDK_Example.app */;
			productType = "com.apple.product-type.application";
		};
		607FACE41AFB9204008FA782 /* MatchingEngineSDK_Tests */ = {
			isa = PBXNativeTarget;
			buildConfigurationList = 607FACF21AFB9204008FA782 /* Build configuration list for PBXNativeTarget "MatchingEngineSDK_Tests" */;
			buildPhases = (
				607FACE11AFB9204008FA782 /* Sources */,
				607FACE21AFB9204008FA782 /* Frameworks */,
				607FACE31AFB9204008FA782 /* Resources */,
			);
			buildRules = (
			);
			dependencies = (
				607FACE71AFB9204008FA782 /* PBXTargetDependency */,
			);
			name = MatchingEngineSDK_Tests;
			productName = Tests;
			productReference = 607FACE51AFB9204008FA782 /* MatchingEngineSDK_Tests.xctest */;
			productType = "com.apple.product-type.bundle.unit-test";
		};
/* End PBXNativeTarget section */

/* Begin PBXProject section */
		607FACC81AFB9204008FA782 /* Project object */ = {
			isa = PBXProject;
			attributes = {
				LastSwiftUpdateCheck = 0830;
				LastUpgradeCheck = 0830;
				ORGANIZATIONNAME = CocoaPods;
				TargetAttributes = {
					607FACCF1AFB9204008FA782 = {
						CreatedOnToolsVersion = 6.3.1;
						DevelopmentTeam = XHQK92K282;
						LastSwiftMigration = 0900;
					};
					607FACE41AFB9204008FA782 = {
						CreatedOnToolsVersion = 6.3.1;
						DevelopmentTeam = XHQK92K282;
						LastSwiftMigration = 0900;
						TestTargetID = 607FACCF1AFB9204008FA782;
					};
				};
			};
			buildConfigurationList = 607FACCB1AFB9204008FA782 /* Build configuration list for PBXProject "MatchingEngineSDK" */;
			compatibilityVersion = "Xcode 3.2";
			developmentRegion = English;
			hasScannedForEncodings = 0;
			knownRegions = (
				en,
				Base,
			);
			mainGroup = 607FACC71AFB9204008FA782;
			productRefGroup = 607FACD11AFB9204008FA782 /* Products */;
			projectDirPath = "";
			projectRoot = "";
			targets = (
				607FACCF1AFB9204008FA782 /* MatchingEngineSDK_Example */,
				607FACE41AFB9204008FA782 /* MatchingEngineSDK_Tests */,
			);
		};
/* End PBXProject section */

/* Begin PBXResourcesBuildPhase section */
		607FACCE1AFB9204008FA782 /* Resources */ = {
			isa = PBXResourcesBuildPhase;
			buildActionMask = 2147483647;
			files = (
				25DDF6582200238F003AF5E3 /* ic_launcher-web.76.png in Resources */,
				25DDF6482200238F003AF5E3 /* mex-ca.crt in Resources */,
				25DDF6602200238F003AF5E3 /* ic_menu_recent_history.png in Resources */,
				25DDF67E2200265B003AF5E3 /* DropDownCell.xib in Resources */,
				25DDF64B2200238F003AF5E3 /* mex-client.crt in Resources */,
				25DDF75B2200C9C6003AF5E3 /* RFAboutViewCloseX@2x.png in Resources */,
				25DDF65D2200238F003AF5E3 /* ic_menu_camera.png in Resources */,
				25DDF64A2200238F003AF5E3 /* mex-client copy.key in Resources */,
				25DDF62222001793003AF5E3 /* ios11-control-center-camera-icon.png in Resources */,
				607FACDB1AFB9204008FA782 /* Main.storyboard in Resources */,
				25DDF65B2200238F003AF5E3 /* ic_marker_cloudlet-web.png in Resources */,
				25DDF6542200238F003AF5E3 /* ic_action_find_cloudlets.png in Resources */,
				25DDF6492200238F003AF5E3 /* mex-ca.der in Resources */,
				25DDF75C2200C9C6003AF5E3 /* RFAboutViewCloseX@3x.png in Resources */,
				25A067DB2202366500626184 /* Permissions.storyboard in Resources */,
				25DDF6562200238F003AF5E3 /* ic_launcher-web.1024.png in Resources */,
				25DDF699220029AD003AF5E3 /* CircularSpinner.xib in Resources */,
				25DDF695220029AD003AF5E3 /* x_darkGray@2x.png in Resources */,
				25DDF62022001793003AF5E3 /* g-logo copy.png in Resources */,
				25DDF6592200238F003AF5E3 /* ic_launcher-web.83.png in Resources */,
				25DDF61E22001793003AF5E3 /* Cog_font_awesome copy.png in Resources */,
				25DDF64D2200238F003AF5E3 /* mex-client.key in Resources */,
				25DDF61D22001793003AF5E3 /* About.png in Resources */,
				25DDF62322001793003AF5E3 /* menu-512.png in Resources */,
				25DDF6E8220029E0003AF5E3 /* Assets.xcassets in Resources */,
				25DDF6FE220029E0003AF5E3 /* Eureka.bundle in Resources */,
				25DDF75A2200C9C6003AF5E3 /* RFAboutViewCloseX.png in Resources */,
				25DDF61F22001793003AF5E3 /* Cog_font_awesome.png in Resources */,
				25DDF65E2200238F003AF5E3 /* ic_menu_compass.png in Resources */,
				25DDF62122001793003AF5E3 /* g-logo.png in Resources */,
				25DDF64C2200238F003AF5E3 /* mex-client.der in Resources */,
				25DDF6572200238F003AF5E3 /* ic_launcher-web.180.png in Resources */,
				607FACDD1AFB9204008FA782 /* Images.xcassets in Resources */,
				25DDF65F2200238F003AF5E3 /* ic_menu_preferences.png in Resources */,
				25DDF6522200238F003AF5E3 /* dot-menu@2x.png in Resources */,
				25DDF696220029AD003AF5E3 /* x_darkGray@3x.png in Resources */,
				25DDF65C2200238F003AF5E3 /* ic_marker_mobile-web.png in Resources */,
				25DDF6472200238F003AF5E3 /* Acknowledgements.plist in Resources */,
				25DDF6532200238F003AF5E3 /* dot-menu@3x.png in Resources */,
				25DDF64E2200238F003AF5E3 /* mex-clientkey.der in Resources */,
				25A067D822021CED00626184 /* LaunchScreen.storyboard in Resources */,
				25DDF65A2200238F003AF5E3 /* ic_launcher-web.png in Resources */,
				25DDF6552200238F003AF5E3 /* ic_launcher-web.102.png in Resources */,
			);
			runOnlyForDeploymentPostprocessing = 0;
		};
		607FACE31AFB9204008FA782 /* Resources */ = {
			isa = PBXResourcesBuildPhase;
			buildActionMask = 2147483647;
			files = (
			);
			runOnlyForDeploymentPostprocessing = 0;
		};
/* End PBXResourcesBuildPhase section */

/* Begin PBXShellScriptBuildPhase section */
		28CE2807EC0D1E95AEE5640B /* [CP] Copy Pods Resources */ = {
			isa = PBXShellScriptBuildPhase;
			buildActionMask = 2147483647;
			files = (
			);
			inputPaths = (
				"${SRCROOT}/Pods/Target Support Files/Pods-MatchingEngineSDK_Example/Pods-MatchingEngineSDK_Example-resources.sh",
				"${PODS_ROOT}/GoogleMaps/Maps/Frameworks/GoogleMaps.framework/Resources/GoogleMaps.bundle",
				"${PODS_ROOT}/GoogleSignIn/Resources/GoogleSignIn.bundle",
			);
			name = "[CP] Copy Pods Resources";
			outputPaths = (
				"${TARGET_BUILD_DIR}/${UNLOCALIZED_RESOURCES_FOLDER_PATH}/GoogleMaps.bundle",
				"${TARGET_BUILD_DIR}/${UNLOCALIZED_RESOURCES_FOLDER_PATH}/GoogleSignIn.bundle",
			);
			runOnlyForDeploymentPostprocessing = 0;
			shellPath = /bin/sh;
			shellScript = "\"${SRCROOT}/Pods/Target Support Files/Pods-MatchingEngineSDK_Example/Pods-MatchingEngineSDK_Example-resources.sh\"\n";
			showEnvVarsInLog = 0;
		};
		2E82864050CD595A009D1EF2 /* [CP] Check Pods Manifest.lock */ = {
			isa = PBXShellScriptBuildPhase;
			buildActionMask = 2147483647;
			files = (
			);
			inputPaths = (
				"${PODS_PODFILE_DIR_PATH}/Podfile.lock",
				"${PODS_ROOT}/Manifest.lock",
			);
			name = "[CP] Check Pods Manifest.lock";
			outputPaths = (
				"$(DERIVED_FILE_DIR)/Pods-MatchingEngineSDK_Example-checkManifestLockResult.txt",
			);
			runOnlyForDeploymentPostprocessing = 0;
			shellPath = /bin/sh;
			shellScript = "diff \"${PODS_PODFILE_DIR_PATH}/Podfile.lock\" \"${PODS_ROOT}/Manifest.lock\" > /dev/null\nif [ $? != 0 ] ; then\n    # print error to STDERR\n    echo \"error: The sandbox is not in sync with the Podfile.lock. Run 'pod install' or update your CocoaPods installation.\" >&2\n    exit 1\nfi\n# This output is used by Xcode 'outputs' to avoid re-running this script phase.\necho \"SUCCESS\" > \"${SCRIPT_OUTPUT_FILE_0}\"\n";
			showEnvVarsInLog = 0;
		};
		A6F4718743BBF3851C3F13AE /* [CP] Embed Pods Frameworks */ = {
			isa = PBXShellScriptBuildPhase;
			buildActionMask = 2147483647;
			files = (
			);
			inputPaths = (
				"${SRCROOT}/Pods/Target Support Files/Pods-MatchingEngineSDK_Example/Pods-MatchingEngineSDK_Example-frameworks.sh",
				"${BUILT_PRODUCTS_DIR}/Alamofire/Alamofire.framework",
				"${BUILT_PRODUCTS_DIR}/GTMSessionFetcher/GTMSessionFetcher.framework",
				"${BUILT_PRODUCTS_DIR}/GoogleToolboxForMac/GoogleToolboxForMac.framework",
				"${BUILT_PRODUCTS_DIR}/MatchingEngineSDK/MatchingEngineSDK.framework",
				"${BUILT_PRODUCTS_DIR}/NSLogger/NSLogger.framework",
				"${BUILT_PRODUCTS_DIR}/SPPermission/SPPermission.framework",
				"${BUILT_PRODUCTS_DIR}/SwiftLog/SwiftLog.framework",
				"${BUILT_PRODUCTS_DIR}/SwiftSocket/SwiftSocket.framework",
				"${BUILT_PRODUCTS_DIR}/SwiftyJSON/SwiftyJSON.framework",
			);
			name = "[CP] Embed Pods Frameworks";
			outputPaths = (
				"${TARGET_BUILD_DIR}/${FRAMEWORKS_FOLDER_PATH}/Alamofire.framework",
				"${TARGET_BUILD_DIR}/${FRAMEWORKS_FOLDER_PATH}/GTMSessionFetcher.framework",
				"${TARGET_BUILD_DIR}/${FRAMEWORKS_FOLDER_PATH}/GoogleToolboxForMac.framework",
				"${TARGET_BUILD_DIR}/${FRAMEWORKS_FOLDER_PATH}/MatchingEngineSDK.framework",
				"${TARGET_BUILD_DIR}/${FRAMEWORKS_FOLDER_PATH}/NSLogger.framework",
				"${TARGET_BUILD_DIR}/${FRAMEWORKS_FOLDER_PATH}/SPPermission.framework",
				"${TARGET_BUILD_DIR}/${FRAMEWORKS_FOLDER_PATH}/SwiftLog.framework",
				"${TARGET_BUILD_DIR}/${FRAMEWORKS_FOLDER_PATH}/SwiftSocket.framework",
				"${TARGET_BUILD_DIR}/${FRAMEWORKS_FOLDER_PATH}/SwiftyJSON.framework",
			);
			runOnlyForDeploymentPostprocessing = 0;
			shellPath = /bin/sh;
			shellScript = "\"${SRCROOT}/Pods/Target Support Files/Pods-MatchingEngineSDK_Example/Pods-MatchingEngineSDK_Example-frameworks.sh\"\n";
			showEnvVarsInLog = 0;
		};
/* End PBXShellScriptBuildPhase section */

/* Begin PBXSourcesBuildPhase section */
		607FACCC1AFB9204008FA782 /* Sources */ = {
			isa = PBXSourcesBuildPhase;
			buildActionMask = 2147483647;
			files = (
				25DDF62722001793003AF5E3 /* Mex.utitities.swift in Sources */,
				607FACD81AFB9204008FA782 /* ViewController.swift in Sources */,
				25DDF712220029E0003AF5E3 /* DateRow.swift in Sources */,
				25DDF75D2200C9C6003AF5E3 /* RFAboutView.swift in Sources */,
				25DDF711220029E0003AF5E3 /* DatePickerRow.swift in Sources */,
				25DDF72C220029E0003AF5E3 /* RuleURL.swift in Sources */,
				25DDF714220029E0003AF5E3 /* DoublePickerRow.swift in Sources */,
				25DDF707220029E0003AF5E3 /* DecimalFormatter.swift in Sources */,
				25DDF706220029E0003AF5E3 /* DateInlineFieldRow.swift in Sources */,
				25DDF6F5220029E0003AF5E3 /* RowControllerType.swift in Sources */,
				25A067CF2200F1C200626184 /* CMSampleBufferExtension.swift in Sources */,
				25DDF67B2200265B003AF5E3 /* DPDKeyboardListener.swift in Sources */,
				25DDF61C22001793003AF5E3 /* GeneralSettingsViewController.swift in Sources */,
				25DDF6EA220029E0003AF5E3 /* Cell.swift in Sources */,
				25DDF716220029E0003AF5E3 /* LabelRow.swift in Sources */,
				25DDF67F2200265B003AF5E3 /* DropDown+Appearance.swift in Sources */,
				25DDF73822002A96003AF5E3 /* HeadingRequest.swift in Sources */,
				25DDF61A22001793003AF5E3 /* EnhancedNetworkLocationServicesViewController.swift in Sources */,
				25DDF73A22002A96003AF5E3 /* LocationRequest.swift in Sources */,
				25DDF6EC220029E0003AF5E3 /* Core.swift in Sources */,
				25DDF62422001793003AF5E3 /* SettingsViewController.swift in Sources */,
				25DDF6FF220029E0003AF5E3 /* ActionSheetRow.swift in Sources */,
				25DDF6F1220029E0003AF5E3 /* NavigationAccessoryView.swift in Sources */,
				25DDF721220029E0003AF5E3 /* SwitchRow.swift in Sources */,
				25DDF6FC220029E0003AF5E3 /* Validation.swift in Sources */,
				25DDF62522001793003AF5E3 /* SideMenuViewController.swift in Sources */,
				25DDF6F9220029E0003AF5E3 /* SelectableRowType.swift in Sources */,
				25DDF70D220029E0003AF5E3 /* MultipleSelectorViewController.swift in Sources */,
				25DDF6EB220029E0003AF5E3 /* CellType.swift in Sources */,
				25DDF728220029E0003AF5E3 /* RuleLength.swift in Sources */,
				25DDF6812200265B003AF5E3 /* DropDownCell.swift in Sources */,
				25DDF703220029E0003AF5E3 /* CheckRow.swift in Sources */,
				25DDF726220029E0003AF5E3 /* RuleEmail.swift in Sources */,
				25DDF717220029E0003AF5E3 /* MultipleSelectorRow.swift in Sources */,
				25DDF70E220029E0003AF5E3 /* SelectorAlertController.swift in Sources */,
				25DDF72B220029E0003AF5E3 /* RuleRequired.swift in Sources */,
				25DDF708220029E0003AF5E3 /* FieldRow.swift in Sources */,
				25DDF722220029E0003AF5E3 /* TextAreaRow.swift in Sources */,
				25DDF704220029E0003AF5E3 /* AlertOptionsRow.swift in Sources */,
				25DDF6F2220029E0003AF5E3 /* Operators.swift in Sources */,
				25DDF727220029E0003AF5E3 /* RuleEqualsToRow.swift in Sources */,
				25DDF70A220029E0003AF5E3 /* OptionsRow.swift in Sources */,
				25DDF709220029E0003AF5E3 /* GenericMultipleSelectorRow.swift in Sources */,
				25DDF6F7220029E0003AF5E3 /* RowType.swift in Sources */,
				25DDF74522002ACD003AF5E3 /* SKToastView.swift in Sources */,
				25DDF720220029E0003AF5E3 /* StepperRow.swift in Sources */,
				25DDF62622001793003AF5E3 /* SpeedTestSettingsViewController.swift in Sources */,
				25DDF74B22002E00003AF5E3 /* PreviewView.swift in Sources */,
				25DDF698220029AD003AF5E3 /* CircularSpinner.swift in Sources */,
				25DDF702220029E0003AF5E3 /* ButtonRowWithPresent.swift in Sources */,
				25478330220A327500991177 /* OSAtomicInt.swift in Sources */,
				25DDF73922002A96003AF5E3 /* IPLocationRequest.swift in Sources */,
				25DDF71E220029E0003AF5E3 /* ListCheckRow.swift in Sources */,
				25DDF6F4220029E0003AF5E3 /* Row.swift in Sources */,
				25DDF71C220029E0003AF5E3 /* PushRow.swift in Sources */,
				25DDF6ED220029E0003AF5E3 /* Form.swift in Sources */,
				25DDF6FA220029E0003AF5E3 /* SelectableSection.swift in Sources */,
				25DDF72A220029E0003AF5E3 /* RuleRegExp.swift in Sources */,
				25DDF61622001793003AF5E3 /* Cloudlet.swift in Sources */,
				25DDF710220029E0003AF5E3 /* DateInlineRow.swift in Sources */,
				25DDF73B22002A96003AF5E3 /* Locator.swift in Sources */,
				25DDF6FB220029E0003AF5E3 /* SwipeActions.swift in Sources */,
				607FACD61AFB9204008FA782 /* AppDelegate.swift in Sources */,
				25DDF6E9220029E0003AF5E3 /* BaseRow.swift in Sources */,
				25DDF75E2200C9C6003AF5E3 /* RFAboutViewDetailViewController.swift in Sources */,
				25DDF6F0220029E0003AF5E3 /* InlineRowType.swift in Sources */,
				25DDF61822001793003AF5E3 /* CloudletListHolder.swift in Sources */,
				25DDF61722001793003AF5E3 /* CloudletDetailsViewController.swift in Sources */,
				25DDF67A2200265B003AF5E3 /* DPDConstants.swift in Sources */,
				25DDF71A220029E0003AF5E3 /* PickerRow.swift in Sources */,
				25DDF705220029E0003AF5E3 /* DateFieldRow.swift in Sources */,
				25DDF719220029E0003AF5E3 /* PickerInputRow.swift in Sources */,
				25DDF62822001793003AF5E3 /* PermissionViewController.swift in Sources */,
				25DDF725220029E0003AF5E3 /* RuleClosure.swift in Sources */,
				25DDF6F6220029E0003AF5E3 /* RowProtocols.swift in Sources */,
				25DDF713220029E0003AF5E3 /* DoublePickerInputRow.swift in Sources */,
				25DDF67C2200265B003AF5E3 /* DPDUIView+Extension.swift in Sources */,
				25DDF75F2200C9C6003AF5E3 /* UIViewController+sizeForPercent.swift in Sources */,
				25DDF6EF220029E0003AF5E3 /* Helpers.swift in Sources */,
				25DDF61B22001793003AF5E3 /* FaceDectectionSettingsViewController.swift in Sources */,
				25478332220A333F00991177 /* ExtensionVars.swift in Sources */,
				25DDF61922001793003AF5E3 /* FaceDetectionViewController.swift in Sources */,
				25DDF700220029E0003AF5E3 /* AlertRow.swift in Sources */,
				25DDF724220029E0003AF5E3 /* TriplePickerRow.swift in Sources */,
				25DDF6EE220029E0003AF5E3 /* HeaderFooterView.swift in Sources */,
				25A067CD2200EBA300626184 /* Sample_client.swift in Sources */,
				25DDF70F220029E0003AF5E3 /* SelectorViewController.swift in Sources */,
				25DDF715220029E0003AF5E3 /* FieldsRow.swift in Sources */,
				25DDF73C22002A96003AF5E3 /* Shared.swift in Sources */,
				25DDF70B220029E0003AF5E3 /* Protocols.swift in Sources */,
				25DDF74922002D97003AF5E3 /* SwiftyPing.swift in Sources */,
				25DDF71B220029E0003AF5E3 /* PopoverSelectorRow.swift in Sources */,
				25DDF6F8220029E0003AF5E3 /* Section.swift in Sources */,
				25DDF729220029E0003AF5E3 /* RuleRange.swift in Sources */,
				25DDF718220029E0003AF5E3 /* PickerInlineRow.swift in Sources */,
				25DDF73622002A96003AF5E3 /* FindPlaceRequest.swift in Sources */,
				25DDF70C220029E0003AF5E3 /* SelectorRow.swift in Sources */,
				25DDF6802200265B003AF5E3 /* DropDown.swift in Sources */,
				25DDF723220029E0003AF5E3 /* TriplePickerInputRow.swift in Sources */,
				25DDF71D220029E0003AF5E3 /* SegmentedRow.swift in Sources */,
				25DDF71F220029E0003AF5E3 /* SliderRow.swift in Sources */,
				25DDF701220029E0003AF5E3 /* ButtonRow.swift in Sources */,
				25DDF6F3220029E0003AF5E3 /* PresenterRowType.swift in Sources */,
			);
			runOnlyForDeploymentPostprocessing = 0;
		};
		607FACE11AFB9204008FA782 /* Sources */ = {
			isa = PBXSourcesBuildPhase;
			buildActionMask = 2147483647;
			files = (
				607FACEC1AFB9204008FA782 /* Tests.swift in Sources */,
			);
			runOnlyForDeploymentPostprocessing = 0;
		};
/* End PBXSourcesBuildPhase section */

/* Begin PBXTargetDependency section */
		607FACE71AFB9204008FA782 /* PBXTargetDependency */ = {
			isa = PBXTargetDependency;
			target = 607FACCF1AFB9204008FA782 /* MatchingEngineSDK_Example */;
			targetProxy = 607FACE61AFB9204008FA782 /* PBXContainerItemProxy */;
		};
/* End PBXTargetDependency section */

/* Begin PBXVariantGroup section */
		25A067D622021CED00626184 /* LaunchScreen.storyboard */ = {
			isa = PBXVariantGroup;
			children = (
				25A067D722021CED00626184 /* Base */,
			);
			name = LaunchScreen.storyboard;
			sourceTree = "<group>";
		};
		25A067D92202366500626184 /* Permissions.storyboard */ = {
			isa = PBXVariantGroup;
			children = (
				25A067DA2202366500626184 /* Base */,
			);
			name = Permissions.storyboard;
			sourceTree = "<group>";
		};
		607FACD91AFB9204008FA782 /* Main.storyboard */ = {
			isa = PBXVariantGroup;
			children = (
				607FACDA1AFB9204008FA782 /* Base */,
			);
			name = Main.storyboard;
			sourceTree = "<group>";
		};
/* End PBXVariantGroup section */

/* Begin XCBuildConfiguration section */
		607FACED1AFB9204008FA782 /* Debug */ = {
			isa = XCBuildConfiguration;
			buildSettings = {
				ALWAYS_SEARCH_USER_PATHS = NO;
				CLANG_CXX_LANGUAGE_STANDARD = "gnu++0x";
				CLANG_CXX_LIBRARY = "libc++";
				CLANG_ENABLE_MODULES = YES;
				CLANG_ENABLE_OBJC_ARC = YES;
				CLANG_WARN_BLOCK_CAPTURE_AUTORELEASING = YES;
				CLANG_WARN_BOOL_CONVERSION = YES;
				CLANG_WARN_COMMA = YES;
				CLANG_WARN_CONSTANT_CONVERSION = YES;
				CLANG_WARN_DIRECT_OBJC_ISA_USAGE = YES_ERROR;
				CLANG_WARN_EMPTY_BODY = YES;
				CLANG_WARN_ENUM_CONVERSION = YES;
				CLANG_WARN_INFINITE_RECURSION = YES;
				CLANG_WARN_INT_CONVERSION = YES;
				CLANG_WARN_NON_LITERAL_NULL_CONVERSION = YES;
				CLANG_WARN_OBJC_LITERAL_CONVERSION = YES;
				CLANG_WARN_OBJC_ROOT_CLASS = YES_ERROR;
				CLANG_WARN_RANGE_LOOP_ANALYSIS = YES;
				CLANG_WARN_STRICT_PROTOTYPES = YES;
				CLANG_WARN_SUSPICIOUS_MOVE = YES;
				CLANG_WARN_UNREACHABLE_CODE = YES;
				CLANG_WARN__DUPLICATE_METHOD_MATCH = YES;
				"CODE_SIGN_IDENTITY[sdk=iphoneos*]" = "iPhone Developer";
				COPY_PHASE_STRIP = NO;
				DEBUG_INFORMATION_FORMAT = "dwarf-with-dsym";
				ENABLE_STRICT_OBJC_MSGSEND = YES;
				ENABLE_TESTABILITY = YES;
				GCC_C_LANGUAGE_STANDARD = gnu99;
				GCC_DYNAMIC_NO_PIC = NO;
				GCC_NO_COMMON_BLOCKS = YES;
				GCC_OPTIMIZATION_LEVEL = 0;
				GCC_PREPROCESSOR_DEFINITIONS = (
					"DEBUG=1",
					"$(inherited)",
				);
				GCC_SYMBOLS_PRIVATE_EXTERN = NO;
				GCC_WARN_64_TO_32_BIT_CONVERSION = YES;
				GCC_WARN_ABOUT_RETURN_TYPE = YES_ERROR;
				GCC_WARN_UNDECLARED_SELECTOR = YES;
				GCC_WARN_UNINITIALIZED_AUTOS = YES_AGGRESSIVE;
				GCC_WARN_UNUSED_FUNCTION = YES;
				GCC_WARN_UNUSED_VARIABLE = YES;
				IPHONEOS_DEPLOYMENT_TARGET = 11.4;
				MTL_ENABLE_DEBUG_INFO = YES;
				ONLY_ACTIVE_ARCH = YES;
				SDKROOT = iphoneos;
				SWIFT_OPTIMIZATION_LEVEL = "-Onone";
				SWIFT_VERSION = 4.2;
			};
			name = Debug;
		};
		607FACEE1AFB9204008FA782 /* Release */ = {
			isa = XCBuildConfiguration;
			buildSettings = {
				ALWAYS_SEARCH_USER_PATHS = NO;
				CLANG_CXX_LANGUAGE_STANDARD = "gnu++0x";
				CLANG_CXX_LIBRARY = "libc++";
				CLANG_ENABLE_MODULES = YES;
				CLANG_ENABLE_OBJC_ARC = YES;
				CLANG_WARN_BLOCK_CAPTURE_AUTORELEASING = YES;
				CLANG_WARN_BOOL_CONVERSION = YES;
				CLANG_WARN_COMMA = YES;
				CLANG_WARN_CONSTANT_CONVERSION = YES;
				CLANG_WARN_DIRECT_OBJC_ISA_USAGE = YES_ERROR;
				CLANG_WARN_EMPTY_BODY = YES;
				CLANG_WARN_ENUM_CONVERSION = YES;
				CLANG_WARN_INFINITE_RECURSION = YES;
				CLANG_WARN_INT_CONVERSION = YES;
				CLANG_WARN_NON_LITERAL_NULL_CONVERSION = YES;
				CLANG_WARN_OBJC_LITERAL_CONVERSION = YES;
				CLANG_WARN_OBJC_ROOT_CLASS = YES_ERROR;
				CLANG_WARN_RANGE_LOOP_ANALYSIS = YES;
				CLANG_WARN_STRICT_PROTOTYPES = YES;
				CLANG_WARN_SUSPICIOUS_MOVE = YES;
				CLANG_WARN_UNREACHABLE_CODE = YES;
				CLANG_WARN__DUPLICATE_METHOD_MATCH = YES;
				"CODE_SIGN_IDENTITY[sdk=iphoneos*]" = "iPhone Developer";
				COPY_PHASE_STRIP = NO;
				DEBUG_INFORMATION_FORMAT = "dwarf-with-dsym";
				ENABLE_NS_ASSERTIONS = NO;
				ENABLE_STRICT_OBJC_MSGSEND = YES;
				GCC_C_LANGUAGE_STANDARD = gnu99;
				GCC_NO_COMMON_BLOCKS = YES;
				GCC_WARN_64_TO_32_BIT_CONVERSION = YES;
				GCC_WARN_ABOUT_RETURN_TYPE = YES_ERROR;
				GCC_WARN_UNDECLARED_SELECTOR = YES;
				GCC_WARN_UNINITIALIZED_AUTOS = YES_AGGRESSIVE;
				GCC_WARN_UNUSED_FUNCTION = YES;
				GCC_WARN_UNUSED_VARIABLE = YES;
				IPHONEOS_DEPLOYMENT_TARGET = 11.4;
				MTL_ENABLE_DEBUG_INFO = NO;
				SDKROOT = iphoneos;
				SWIFT_OPTIMIZATION_LEVEL = "-Owholemodule";
				SWIFT_VERSION = 4.2;
				VALIDATE_PRODUCT = YES;
			};
			name = Release;
		};
		607FACF01AFB9204008FA782 /* Debug */ = {
			isa = XCBuildConfiguration;
			baseConfigurationReference = 0ED8B696923D673B04828D51 /* Pods-MatchingEngineSDK_Example.debug.xcconfig */;
			buildSettings = {
				ASSETCATALOG_COMPILER_APPICON_NAME = AppIcon;
				DEVELOPMENT_TEAM = XHQK92K282;
				FRAMEWORK_SEARCH_PATHS = (
					"$(inherited)",
					"$(PROJECT_DIR)/DerivedData/MatchingEngineSDK/Build/Products/Debug-iphoneos/MatchingEngineSDK",
				);
				INFOPLIST_FILE = MatchingEngineSDK/Info.plist;
				IPHONEOS_DEPLOYMENT_TARGET = 11.4;
				LD_RUNPATH_SEARCH_PATHS = "$(inherited) @executable_path/Frameworks";
				MODULE_NAME = ExampleApp;
				PRODUCT_BUNDLE_IDENTIFIER = "org.cocoapods.demo.$(PRODUCT_NAME:rfc1034identifier)";
				PRODUCT_NAME = "$(TARGET_NAME)";
				SWIFT_SWIFT3_OBJC_INFERENCE = Default;
				SWIFT_VERSION = 4.2;
				TARGETED_DEVICE_FAMILY = "1,2";
			};
			name = Debug;
		};
		607FACF11AFB9204008FA782 /* Release */ = {
			isa = XCBuildConfiguration;
			baseConfigurationReference = 7405090AC8162F6DD26B4FC2 /* Pods-MatchingEngineSDK_Example.release.xcconfig */;
			buildSettings = {
				ASSETCATALOG_COMPILER_APPICON_NAME = AppIcon;
				DEVELOPMENT_TEAM = XHQK92K282;
				FRAMEWORK_SEARCH_PATHS = (
					"$(inherited)",
					"$(PROJECT_DIR)/DerivedData/MatchingEngineSDK/Build/Products/Debug-iphoneos/MatchingEngineSDK",
				);
				INFOPLIST_FILE = MatchingEngineSDK/Info.plist;
				IPHONEOS_DEPLOYMENT_TARGET = 11.4;
				LD_RUNPATH_SEARCH_PATHS = "$(inherited) @executable_path/Frameworks";
				MODULE_NAME = ExampleApp;
				PRODUCT_BUNDLE_IDENTIFIER = "org.cocoapods.demo.$(PRODUCT_NAME:rfc1034identifier)";
				PRODUCT_NAME = "$(TARGET_NAME)";
				SWIFT_SWIFT3_OBJC_INFERENCE = Default;
				SWIFT_VERSION = 4.2;
				TARGETED_DEVICE_FAMILY = "1,2";
			};
			name = Release;
		};
		607FACF31AFB9204008FA782 /* Debug */ = {
			isa = XCBuildConfiguration;
			buildSettings = {
				DEVELOPMENT_TEAM = XHQK92K282;
				FRAMEWORK_SEARCH_PATHS = (
					"$(SDKROOT)/Developer/Library/Frameworks",
					"$(inherited)",
				);
				GCC_PREPROCESSOR_DEFINITIONS = (
					"DEBUG=1",
					"$(inherited)",
				);
				INFOPLIST_FILE = Tests/Info.plist;
				LD_RUNPATH_SEARCH_PATHS = "$(inherited) @executable_path/Frameworks @loader_path/Frameworks";
				PRODUCT_BUNDLE_IDENTIFIER = "org.cocoapods.$(PRODUCT_NAME:rfc1034identifier)";
				PRODUCT_NAME = "$(TARGET_NAME)";
				SWIFT_SWIFT3_OBJC_INFERENCE = Default;
				SWIFT_VERSION = 4.2;
				TEST_HOST = "$(BUILT_PRODUCTS_DIR)/MatchingEngineSDK_Example.app/MatchingEngineSDK_Example";
			};
			name = Debug;
		};
		607FACF41AFB9204008FA782 /* Release */ = {
			isa = XCBuildConfiguration;
			buildSettings = {
				DEVELOPMENT_TEAM = XHQK92K282;
				FRAMEWORK_SEARCH_PATHS = (
					"$(SDKROOT)/Developer/Library/Frameworks",
					"$(inherited)",
				);
				INFOPLIST_FILE = Tests/Info.plist;
				LD_RUNPATH_SEARCH_PATHS = "$(inherited) @executable_path/Frameworks @loader_path/Frameworks";
				PRODUCT_BUNDLE_IDENTIFIER = "org.cocoapods.$(PRODUCT_NAME:rfc1034identifier)";
				PRODUCT_NAME = "$(TARGET_NAME)";
				SWIFT_SWIFT3_OBJC_INFERENCE = Default;
				SWIFT_VERSION = 4.2;
				TEST_HOST = "$(BUILT_PRODUCTS_DIR)/MatchingEngineSDK_Example.app/MatchingEngineSDK_Example";
			};
			name = Release;
		};
/* End XCBuildConfiguration section */

/* Begin XCConfigurationList section */
		607FACCB1AFB9204008FA782 /* Build configuration list for PBXProject "MatchingEngineSDK" */ = {
			isa = XCConfigurationList;
			buildConfigurations = (
				607FACED1AFB9204008FA782 /* Debug */,
				607FACEE1AFB9204008FA782 /* Release */,
			);
			defaultConfigurationIsVisible = 0;
			defaultConfigurationName = Release;
		};
		607FACEF1AFB9204008FA782 /* Build configuration list for PBXNativeTarget "MatchingEngineSDK_Example" */ = {
			isa = XCConfigurationList;
			buildConfigurations = (
				607FACF01AFB9204008FA782 /* Debug */,
				607FACF11AFB9204008FA782 /* Release */,
			);
			defaultConfigurationIsVisible = 0;
			defaultConfigurationName = Release;
		};
		607FACF21AFB9204008FA782 /* Build configuration list for PBXNativeTarget "MatchingEngineSDK_Tests" */ = {
			isa = XCConfigurationList;
			buildConfigurations = (
				607FACF31AFB9204008FA782 /* Debug */,
				607FACF41AFB9204008FA782 /* Release */,
			);
			defaultConfigurationIsVisible = 0;
			defaultConfigurationName = Release;
		};
/* End XCConfigurationList section */
	};
	rootObject = 607FACC81AFB9204008FA782 /* Project object */;
}
