PODS:
  - MobiledgeXiOSLibrary (2.0):
    - PromisesSwift (~> 1.2.8)
    - Socket.IO-Client-Swift (~> 15.2.0)
    - SwiftyJSON (~> 5.0.0)
  - PromisesObjC (1.2.8)
  - PromisesSwift (1.2.8):
    - PromisesObjC (= 1.2.8)
  - Socket.IO-Client-Swift (15.2.0):
    - Starscream (~> 3.1)
  - Starscream (3.1.1)
  - SwiftyJSON (5.0.0)

DEPENDENCIES:
  - MobiledgeXiOSLibrary (= 2.0)

SPEC REPOS:
  https://artifactory-qa.mobiledgex.net/artifactory/api/pods/cocoapods-releases:
    - MobiledgeXiOSLibrary
  https://github.com/CocoaPods/Specs.git:
    - PromisesObjC
    - PromisesSwift
    - Socket.IO-Client-Swift
    - Starscream
    - SwiftyJSON

SPEC CHECKSUMS:
  MobiledgeXiOSLibrary: 5f5a31614650f1e3609c98ea6e6cb162b95eb022
  PromisesObjC: 630a0cbeebe7176a26b8921088b31a8a7dd5e855
  PromisesSwift: ae0c31bf49f0e030886c067153f0b4e6dc7d704d
  Socket.IO-Client-Swift: b90a6913f20585d87ecef28f05490784f01a2cfd
  Starscream: 0bfc29f7e22db71e5f9fcea894665e93b561543a
  SwiftyJSON: 58f5e2faedded0d4d222e85f7fed37bb6ee58ff1

PODFILE CHECKSUM: 2a41229ae85b74ca2b2297d96338d13ae60825a0

COCOAPODS: 1.9.1
