PODS:
  - IOSMatchingEngine (1.4.2.3):
    - NSLogger/Swift
    - PromisesSwift
    - Socket.IO-Client-Swift (~> 15.1.0)
  - NSLogger/ObjC (1.9.7)
  - NSLogger/Swift (1.9.7):
    - NSLogger/ObjC
  - PromisesObjC (1.2.8)
  - PromisesSwift (1.2.8):
    - PromisesObjC (= 1.2.8)
  - Socket.IO-Client-Swift (15.1.0):
    - Starscream (~> 3.1)
  - Starscream (3.1.1)

DEPENDENCIES:
  - IOSMatchingEngine
  - Socket.IO-Client-Swift (~> 15.1.0)

SPEC REPOS:
  https://artifactory.mobiledgex.net/artifactory/api/pods/cocoapods-releases:
    - IOSMatchingEngine
  https://github.com/CocoaPods/Specs.git:
    - NSLogger
    - PromisesObjC
    - PromisesSwift
    - Socket.IO-Client-Swift
    - Starscream

SPEC CHECKSUMS:
  IOSMatchingEngine: f19be480f53d46ad0ce76203dcd2aa3cdabf7be1
  NSLogger: cf3013a4fba189f631f07e6c3d5b8ce2b209654b
  PromisesObjC: c119f3cd559f50b7ae681fa59dc1acd19173b7e6
  PromisesSwift: 37bad6f4daddb02f7c9c531efe91e8b21c13ee2f
  Socket.IO-Client-Swift: 7cb44c0ffb86e158cee32d0642d30ec5fdcf8f61
  Starscream: 4bb2f9942274833f7b4d296a55504dcfc7edb7b0

PODFILE CHECKSUM: ef89b18288927f3702303f173dc1d28b7f4cdc06

COCOAPODS: 1.8.3
